// !$*UTF8*$!
{
	archiveVersion = 1;
	classes = {
	};
	objectVersion = 56;
	objects = {

/* Begin PBXBuildFile section */
		9DC96E9F2B0C57F900034878 /* BookDetailFull.swift in Sources */ = {isa = PBXBuildFile; fileRef = 9DC96E9E2B0C57F900034878 /* BookDetailFull.swift */; };
		DB0E01DA2B1FF5B600F19A04 /* BooksView.swift in Sources */ = {isa = PBXBuildFile; fileRef = DB0E01D92B1FF5B600F19A04 /* BooksView.swift */; };
		DB18172D2B062ED600A55F80 /* Persistence.swift in Sources */ = {isa = PBXBuildFile; fileRef = DB18172C2B062ED600A55F80 /* Persistence.swift */; };
		E60025092B06378D00C4DFDD /* Date+Extension.swift in Sources */ = {isa = PBXBuildFile; fileRef = E60025082B06378D00C4DFDD /* Date+Extension.swift */; };
		E6035B872B0CEF5600C34007 /* ReadingBookView.swift in Sources */ = {isa = PBXBuildFile; fileRef = E6035B862B0CEF5600C34007 /* ReadingBookView.swift */; };
		E60623CB2B98976000486487 /* BookInfoRepository.swift in Sources */ = {isa = PBXBuildFile; fileRef = E60623CA2B98976000486487 /* BookInfoRepository.swift */; };
		E60623CD2B98981A00486487 /* ReadingTrackingRepository.swift in Sources */ = {isa = PBXBuildFile; fileRef = E60623CC2B98981A00486487 /* ReadingTrackingRepository.swift */; };
		E60623CF2B98986400486487 /* ReadBookRepository.swift in Sources */ = {isa = PBXBuildFile; fileRef = E60623CE2B98986400486487 /* ReadBookRepository.swift */; };
		E60623D22B98B04F00486487 /* BookInfoCoreDataRepository.swift in Sources */ = {isa = PBXBuildFile; fileRef = E60623D12B98B04F00486487 /* BookInfoCoreDataRepository.swift */; };
		E60DDA992B0A8D1400F25BB2 /* BookSearchView.swift in Sources */ = {isa = PBXBuildFile; fileRef = E60DDA982B0A8D1400F25BB2 /* BookSearchView.swift */; };
		E60DDA9B2B0A8F2400F25BB2 /* SearchBar.swift in Sources */ = {isa = PBXBuildFile; fileRef = E60DDA9A2B0A8F2400F25BB2 /* SearchBar.swift */; };
		E60DDA9F2B0AF95500F25BB2 /* BookProfileContainer.swift in Sources */ = {isa = PBXBuildFile; fileRef = E60DDA9E2B0AF95500F25BB2 /* BookProfileContainer.swift */; };
		E61851832B0B9EA80067811C /* APIKEY.swift in Sources */ = {isa = PBXBuildFile; fileRef = E61851822B0B9EA80067811C /* APIKEY.swift */; };
		E61851852B0B9EFD0067811C /* BookInfoView.swift in Sources */ = {isa = PBXBuildFile; fileRef = E61851842B0B9EFD0067811C /* BookInfoView.swift */; };
		E6187EF42B03495700731321 /* ScannerView.swift in Sources */ = {isa = PBXBuildFile; fileRef = E6187EF32B03495700731321 /* ScannerView.swift */; };
		E6187EF62B03505300731321 /* TextRecognizer.swift in Sources */ = {isa = PBXBuildFile; fileRef = E6187EF52B03505300731321 /* TextRecognizer.swift */; };
		E618A6832B92136200FD6740 /* BackupView.swift in Sources */ = {isa = PBXBuildFile; fileRef = E618A6822B92136200FD6740 /* BackupView.swift */; };
		E622526B2AFB7AE600D33EC3 /* omyu pretty.ttf in Resources */ = {isa = PBXBuildFile; fileRef = E622526A2AFB7AE600D33EC3 /* omyu pretty.ttf */; };
		E622526E2AFB7CB300D33EC3 /* Color+Extension.swift in Sources */ = {isa = PBXBuildFile; fileRef = E622526D2AFB7CB300D33EC3 /* Color+Extension.swift */; };
		E62252702AFB7E7000D33EC3 /* TextStyle+Extension.swift in Sources */ = {isa = PBXBuildFile; fileRef = E622526F2AFB7E7000D33EC3 /* TextStyle+Extension.swift */; };
		E65CBE262B9C5F450000ACC1 /* ReadBookCoreDataRepository.swift in Sources */ = {isa = PBXBuildFile; fileRef = E65CBE252B9C5F450000ACC1 /* ReadBookCoreDataRepository.swift */; };
		E65CBE282B9C62C00000ACC1 /* FetchReadBookListUseCaseImpl.swift in Sources */ = {isa = PBXBuildFile; fileRef = E65CBE272B9C62C00000ACC1 /* FetchReadBookListUseCaseImpl.swift */; };
		E65CBE2A2B9C62CD0000ACC1 /* AddReadBookUseCaseImpl.swift in Sources */ = {isa = PBXBuildFile; fileRef = E65CBE292B9C62CD0000ACC1 /* AddReadBookUseCaseImpl.swift */; };
		E65CBE2C2B9C67E70000ACC1 /* UpdateBookInfoUseCaseImpl.swift in Sources */ = {isa = PBXBuildFile; fileRef = E65CBE2B2B9C67E70000ACC1 /* UpdateBookInfoUseCaseImpl.swift */; };
		E65CBE2E2B9C69340000ACC1 /* AddBookInfoUseCaseImpl.swift in Sources */ = {isa = PBXBuildFile; fileRef = E65CBE2D2B9C69340000ACC1 /* AddBookInfoUseCaseImpl.swift */; };
		E65CBE302B9C693C0000ACC1 /* FetchBookInfoUseCaseImpl.swift in Sources */ = {isa = PBXBuildFile; fileRef = E65CBE2F2B9C693C0000ACC1 /* FetchBookInfoUseCaseImpl.swift */; };
		E65ED5352B972B6000A09FCE /* ReadingTracking.swift in Sources */ = {isa = PBXBuildFile; fileRef = E65ED5342B972B6000A09FCE /* ReadingTracking.swift */; };
		E65ED5372B97316100A09FCE /* ReadBook.swift in Sources */ = {isa = PBXBuildFile; fileRef = E65ED5362B97316100A09FCE /* ReadBook.swift */; };
		E66509D42B14B6FD005ACFA5 /* BookShelfView.swift in Sources */ = {isa = PBXBuildFile; fileRef = E6B184D02B142C6600776177 /* BookShelfView.swift */; };
		E6667EED2B154E51006E6ED5 /* PaginationViewModel.swift in Sources */ = {isa = PBXBuildFile; fileRef = E6667EEC2B154E51006E6ED5 /* PaginationViewModel.swift */; };
		E66AB1FE2BA1EEB00090AB13 /* ReadingBookViewModel.swift in Sources */ = {isa = PBXBuildFile; fileRef = E66AB1FD2BA1EEB00090AB13 /* ReadingBookViewModel.swift */; };
		E67606EB2B95683800989262 /* CoreDataStorage.xcdatamodeld in Sources */ = {isa = PBXBuildFile; fileRef = E67606E92B95683800989262 /* CoreDataStorage.xcdatamodeld */; };
		E67C71B12B208F10001409BE /* BookNote.swift in Sources */ = {isa = PBXBuildFile; fileRef = E67C71B02B208F10001409BE /* BookNote.swift */; };
		E68A92CF2B9B3299004DBDE7 /* AddBookNoteUseCaseImpl.swift in Sources */ = {isa = PBXBuildFile; fileRef = E68A92CE2B9B3299004DBDE7 /* AddBookNoteUseCaseImpl.swift */; };
		E68A92D12B9B3E71004DBDE7 /* FetchBookNoteListUseCaseImpl.swift in Sources */ = {isa = PBXBuildFile; fileRef = E68A92D02B9B3E71004DBDE7 /* FetchBookNoteListUseCaseImpl.swift */; };
		E68A92D32B9B5627004DBDE7 /* ReadingTrackingCoreDataRepository.swift in Sources */ = {isa = PBXBuildFile; fileRef = E68A92D22B9B5627004DBDE7 /* ReadingTrackingCoreDataRepository.swift */; };
		E68A92D52B9B5A9B004DBDE7 /* FetchReadingTrackingsUseCaseImpl.swift in Sources */ = {isa = PBXBuildFile; fileRef = E68A92D42B9B5A9B004DBDE7 /* FetchReadingTrackingsUseCaseImpl.swift */; };
		E68A92D72B9B5B44004DBDE7 /* AddReadingTrackingUseCaseImpl.swift in Sources */ = {isa = PBXBuildFile; fileRef = E68A92D62B9B5B44004DBDE7 /* AddReadingTrackingUseCaseImpl.swift */; };
		E68A92D92B9B5B78004DBDE7 /* UpdateReadingTrackingUseCaseImpl.swift in Sources */ = {isa = PBXBuildFile; fileRef = E68A92D82B9B5B78004DBDE7 /* UpdateReadingTrackingUseCaseImpl.swift */; };
		E69DFCF52BA6AEF500679531 /* BookDecodableAPI.swift in Sources */ = {isa = PBXBuildFile; fileRef = E69DFCF42BA6AEF500679531 /* BookDecodableAPI.swift */; };
		E69DFCF72BA6B10800679531 /* GoogleBooksJsonResponse.swift in Sources */ = {isa = PBXBuildFile; fileRef = E69DFCF62BA6B10800679531 /* GoogleBooksJsonResponse.swift */; };
		E69DFCF92BA6B1CC00679531 /* BookApiHandler.swift in Sources */ = {isa = PBXBuildFile; fileRef = E69DFCF82BA6B1CC00679531 /* BookApiHandler.swift */; };
		E6A7C0D72B1D4A1800746B64 /* AladinJsonResponse.swift in Sources */ = {isa = PBXBuildFile; fileRef = E6A7C0D62B1D4A1800746B64 /* AladinJsonResponse.swift */; };
		E6AA85502B267A5F008225BA /* SettingView.swift in Sources */ = {isa = PBXBuildFile; fileRef = E6AA854F2B267A5F008225BA /* SettingView.swift */; };
		E6AA85522B2685B5008225BA /* LicenseView.swift in Sources */ = {isa = PBXBuildFile; fileRef = E6AA85512B2685B5008225BA /* LicenseView.swift */; };
		E6AA85542B26E3B7008225BA /* View+Extension.swift in Sources */ = {isa = PBXBuildFile; fileRef = E6AA85532B26E3B7008225BA /* View+Extension.swift */; };
		E6B184D32B142FD400776177 /* BookShelfCell.swift in Sources */ = {isa = PBXBuildFile; fileRef = E6B184D22B142FD400776177 /* BookShelfCell.swift */; };
		E6B2A9FA2B271C7D004A6816 /* BookWishlistView.swift in Sources */ = {isa = PBXBuildFile; fileRef = E6B2A9F92B271C7D004A6816 /* BookWishlistView.swift */; };
		E6B60C2C2B47E650002B4D04 /* BookNoteRepository.swift in Sources */ = {isa = PBXBuildFile; fileRef = E6B60C2B2B47E650002B4D04 /* BookNoteRepository.swift */; };
		E6C73D5B2B02F82E00A3C9C9 /* UINavigationController+Extension.swift in Sources */ = {isa = PBXBuildFile; fileRef = E6C73D5A2B02F82E00A3C9C9 /* UINavigationController+Extension.swift */; };
		E6E12EBF2B1EBF4100CF3A64 /* BookInfo.swift in Sources */ = {isa = PBXBuildFile; fileRef = E6E12EBE2B1EBF4100CF3A64 /* BookInfo.swift */; };
		E6E4BF532B01B70300FEEE10 /* AddNoteView.swift in Sources */ = {isa = PBXBuildFile; fileRef = E6E4BF522B01B70300FEEE10 /* AddNoteView.swift */; };
		E6E4BF562B01BF4000FEEE10 /* Header.swift in Sources */ = {isa = PBXBuildFile; fileRef = E6E4BF552B01BF4000FEEE10 /* Header.swift */; };
		E6E4BF592B01C88500FEEE10 /* NoteType.swift in Sources */ = {isa = PBXBuildFile; fileRef = E6E4BF582B01C88500FEEE10 /* NoteType.swift */; };
		E6E4BF5B2B01CE1100FEEE10 /* NoteLabel.swift in Sources */ = {isa = PBXBuildFile; fileRef = E6E4BF5A2B01CE1100FEEE10 /* NoteLabel.swift */; };
		E6E68EDB2AF1DD7B00172557 /* ReadLogApp.swift in Sources */ = {isa = PBXBuildFile; fileRef = E6E68EDA2AF1DD7B00172557 /* ReadLogApp.swift */; };
		E6E68EDD2AF1DD7B00172557 /* RootView.swift in Sources */ = {isa = PBXBuildFile; fileRef = E6E68EDC2AF1DD7B00172557 /* RootView.swift */; };
		E6E68EDF2AF1DD7C00172557 /* Assets.xcassets in Resources */ = {isa = PBXBuildFile; fileRef = E6E68EDE2AF1DD7C00172557 /* Assets.xcassets */; };
		E6E68EE22AF1DD7C00172557 /* Preview Assets.xcassets in Resources */ = {isa = PBXBuildFile; fileRef = E6E68EE12AF1DD7C00172557 /* Preview Assets.xcassets */; };
		E6EF1D212B98884700330F7F /* CoreDataEntity+Mapping.swift in Sources */ = {isa = PBXBuildFile; fileRef = E6EF1D202B98884700330F7F /* CoreDataEntity+Mapping.swift */; };
		E6EF1D232B988E7700330F7F /* Literals.swift in Sources */ = {isa = PBXBuildFile; fileRef = E6EF1D222B988E7700330F7F /* Literals.swift */; };
		E6F17DCF2B9B24F300E1F029 /* FetchBookListUseCaseImpl.swift in Sources */ = {isa = PBXBuildFile; fileRef = E6F17DCE2B9B24F300E1F029 /* FetchBookListUseCaseImpl.swift */; };
		E6F17DD12B9B2B9F00E1F029 /* BookNoteCoreDataRepository.swift in Sources */ = {isa = PBXBuildFile; fileRef = E6F17DD02B9B2B9F00E1F029 /* BookNoteCoreDataRepository.swift */; };
		E6F5AD1E2B0FCAFC00A605D4 /* ISBNScannerView.swift in Sources */ = {isa = PBXBuildFile; fileRef = E6F5AD1D2B0FCAFC00A605D4 /* ISBNScannerView.swift */; };
		E6F5AD252B112AEE00A605D4 /* BookInfoData.swift in Sources */ = {isa = PBXBuildFile; fileRef = E6F5AD242B112AEE00A605D4 /* BookInfoData.swift */; };
		E6F5AD2A2B134C0200A605D4 /* URLImage.swift in Sources */ = {isa = PBXBuildFile; fileRef = E6F5AD292B134C0200A605D4 /* URLImage.swift */; };
		E6F85BDC2B21470700E645B6 /* ReadingTrackerViewModel.swift in Sources */ = {isa = PBXBuildFile; fileRef = E6F85BDB2B21470700E645B6 /* ReadingTrackerViewModel.swift */; };
		E6F85BDE2B21471900E645B6 /* DailyProgress.swift in Sources */ = {isa = PBXBuildFile; fileRef = E6F85BDD2B21471900E645B6 /* DailyProgress.swift */; };
/* End PBXBuildFile section */

/* Begin PBXFileReference section */
		9DC96E9E2B0C57F900034878 /* BookDetailFull.swift */ = {isa = PBXFileReference; lastKnownFileType = sourcecode.swift; path = BookDetailFull.swift; sourceTree = "<group>"; };
		DB0E01D92B1FF5B600F19A04 /* BooksView.swift */ = {isa = PBXFileReference; lastKnownFileType = sourcecode.swift; path = BooksView.swift; sourceTree = "<group>"; };
		DB18172C2B062ED600A55F80 /* Persistence.swift */ = {isa = PBXFileReference; lastKnownFileType = sourcecode.swift; path = Persistence.swift; sourceTree = "<group>"; };
		E60025082B06378D00C4DFDD /* Date+Extension.swift */ = {isa = PBXFileReference; lastKnownFileType = sourcecode.swift; path = "Date+Extension.swift"; sourceTree = "<group>"; };
		E6035B862B0CEF5600C34007 /* ReadingBookView.swift */ = {isa = PBXFileReference; lastKnownFileType = sourcecode.swift; path = ReadingBookView.swift; sourceTree = "<group>"; };
		E60623CA2B98976000486487 /* BookInfoRepository.swift */ = {isa = PBXFileReference; lastKnownFileType = sourcecode.swift; path = BookInfoRepository.swift; sourceTree = "<group>"; };
		E60623CC2B98981A00486487 /* ReadingTrackingRepository.swift */ = {isa = PBXFileReference; lastKnownFileType = sourcecode.swift; path = ReadingTrackingRepository.swift; sourceTree = "<group>"; };
		E60623CE2B98986400486487 /* ReadBookRepository.swift */ = {isa = PBXFileReference; lastKnownFileType = sourcecode.swift; path = ReadBookRepository.swift; sourceTree = "<group>"; };
		E60623D12B98B04F00486487 /* BookInfoCoreDataRepository.swift */ = {isa = PBXFileReference; lastKnownFileType = sourcecode.swift; path = BookInfoCoreDataRepository.swift; sourceTree = "<group>"; };
		E60DDA982B0A8D1400F25BB2 /* BookSearchView.swift */ = {isa = PBXFileReference; lastKnownFileType = sourcecode.swift; path = BookSearchView.swift; sourceTree = "<group>"; };
		E60DDA9A2B0A8F2400F25BB2 /* SearchBar.swift */ = {isa = PBXFileReference; lastKnownFileType = sourcecode.swift; path = SearchBar.swift; sourceTree = "<group>"; };
		E60DDA9E2B0AF95500F25BB2 /* BookProfileContainer.swift */ = {isa = PBXFileReference; lastKnownFileType = sourcecode.swift; path = BookProfileContainer.swift; sourceTree = "<group>"; };
		E61851822B0B9EA80067811C /* APIKEY.swift */ = {isa = PBXFileReference; fileEncoding = 4; lastKnownFileType = sourcecode.swift; path = APIKEY.swift; sourceTree = "<group>"; };
		E61851842B0B9EFD0067811C /* BookInfoView.swift */ = {isa = PBXFileReference; lastKnownFileType = sourcecode.swift; path = BookInfoView.swift; sourceTree = "<group>"; };
		E6187EF32B03495700731321 /* ScannerView.swift */ = {isa = PBXFileReference; lastKnownFileType = sourcecode.swift; path = ScannerView.swift; sourceTree = "<group>"; };
		E6187EF52B03505300731321 /* TextRecognizer.swift */ = {isa = PBXFileReference; lastKnownFileType = sourcecode.swift; path = TextRecognizer.swift; sourceTree = "<group>"; };
		E618A6812B9211EF00FD6740 /* ReadLog.entitlements */ = {isa = PBXFileReference; lastKnownFileType = text.plist.entitlements; path = ReadLog.entitlements; sourceTree = "<group>"; };
		E618A6822B92136200FD6740 /* BackupView.swift */ = {isa = PBXFileReference; lastKnownFileType = sourcecode.swift; path = BackupView.swift; sourceTree = "<group>"; };
		E622526A2AFB7AE600D33EC3 /* omyu pretty.ttf */ = {isa = PBXFileReference; lastKnownFileType = file; path = "omyu pretty.ttf"; sourceTree = "<group>"; };
		E622526C2AFB7B0400D33EC3 /* Info.plist */ = {isa = PBXFileReference; lastKnownFileType = text.plist; path = Info.plist; sourceTree = "<group>"; };
		E622526D2AFB7CB300D33EC3 /* Color+Extension.swift */ = {isa = PBXFileReference; lastKnownFileType = sourcecode.swift; path = "Color+Extension.swift"; sourceTree = "<group>"; };
		E622526F2AFB7E7000D33EC3 /* TextStyle+Extension.swift */ = {isa = PBXFileReference; lastKnownFileType = sourcecode.swift; path = "TextStyle+Extension.swift"; sourceTree = "<group>"; };
		E65CBE252B9C5F450000ACC1 /* ReadBookCoreDataRepository.swift */ = {isa = PBXFileReference; lastKnownFileType = sourcecode.swift; path = ReadBookCoreDataRepository.swift; sourceTree = "<group>"; };
		E65CBE272B9C62C00000ACC1 /* FetchReadBookListUseCaseImpl.swift */ = {isa = PBXFileReference; lastKnownFileType = sourcecode.swift; path = FetchReadBookListUseCaseImpl.swift; sourceTree = "<group>"; };
		E65CBE292B9C62CD0000ACC1 /* AddReadBookUseCaseImpl.swift */ = {isa = PBXFileReference; lastKnownFileType = sourcecode.swift; path = AddReadBookUseCaseImpl.swift; sourceTree = "<group>"; };
		E65CBE2B2B9C67E70000ACC1 /* UpdateBookInfoUseCaseImpl.swift */ = {isa = PBXFileReference; lastKnownFileType = sourcecode.swift; path = UpdateBookInfoUseCaseImpl.swift; sourceTree = "<group>"; };
		E65CBE2D2B9C69340000ACC1 /* AddBookInfoUseCaseImpl.swift */ = {isa = PBXFileReference; lastKnownFileType = sourcecode.swift; path = AddBookInfoUseCaseImpl.swift; sourceTree = "<group>"; };
		E65CBE2F2B9C693C0000ACC1 /* FetchBookInfoUseCaseImpl.swift */ = {isa = PBXFileReference; lastKnownFileType = sourcecode.swift; path = FetchBookInfoUseCaseImpl.swift; sourceTree = "<group>"; };
		E65ED5342B972B6000A09FCE /* ReadingTracking.swift */ = {isa = PBXFileReference; lastKnownFileType = sourcecode.swift; path = ReadingTracking.swift; sourceTree = "<group>"; };
		E65ED5362B97316100A09FCE /* ReadBook.swift */ = {isa = PBXFileReference; lastKnownFileType = sourcecode.swift; path = ReadBook.swift; sourceTree = "<group>"; };
		E6667EEC2B154E51006E6ED5 /* PaginationViewModel.swift */ = {isa = PBXFileReference; lastKnownFileType = sourcecode.swift; path = PaginationViewModel.swift; sourceTree = "<group>"; };
		E66AB1FD2BA1EEB00090AB13 /* ReadingBookViewModel.swift */ = {isa = PBXFileReference; lastKnownFileType = sourcecode.swift; path = ReadingBookViewModel.swift; sourceTree = "<group>"; };
		E67606EA2B95683800989262 /* CoreDataStorage.xcdatamodel */ = {isa = PBXFileReference; lastKnownFileType = wrapper.xcdatamodel; path = CoreDataStorage.xcdatamodel; sourceTree = "<group>"; };
		E67C71B02B208F10001409BE /* BookNote.swift */ = {isa = PBXFileReference; lastKnownFileType = sourcecode.swift; path = BookNote.swift; sourceTree = "<group>"; };
		E68A92CE2B9B3299004DBDE7 /* AddBookNoteUseCaseImpl.swift */ = {isa = PBXFileReference; lastKnownFileType = sourcecode.swift; path = AddBookNoteUseCaseImpl.swift; sourceTree = "<group>"; };
		E68A92D02B9B3E71004DBDE7 /* FetchBookNoteListUseCaseImpl.swift */ = {isa = PBXFileReference; lastKnownFileType = sourcecode.swift; path = FetchBookNoteListUseCaseImpl.swift; sourceTree = "<group>"; };
		E68A92D22B9B5627004DBDE7 /* ReadingTrackingCoreDataRepository.swift */ = {isa = PBXFileReference; lastKnownFileType = sourcecode.swift; path = ReadingTrackingCoreDataRepository.swift; sourceTree = "<group>"; };
		E68A92D42B9B5A9B004DBDE7 /* FetchReadingTrackingsUseCaseImpl.swift */ = {isa = PBXFileReference; lastKnownFileType = sourcecode.swift; path = FetchReadingTrackingsUseCaseImpl.swift; sourceTree = "<group>"; };
		E68A92D62B9B5B44004DBDE7 /* AddReadingTrackingUseCaseImpl.swift */ = {isa = PBXFileReference; lastKnownFileType = sourcecode.swift; path = AddReadingTrackingUseCaseImpl.swift; sourceTree = "<group>"; };
		E68A92D82B9B5B78004DBDE7 /* UpdateReadingTrackingUseCaseImpl.swift */ = {isa = PBXFileReference; lastKnownFileType = sourcecode.swift; path = UpdateReadingTrackingUseCaseImpl.swift; sourceTree = "<group>"; };
		E69DFCF42BA6AEF500679531 /* BookDecodableAPI.swift */ = {isa = PBXFileReference; lastKnownFileType = sourcecode.swift; path = BookDecodableAPI.swift; sourceTree = "<group>"; };
		E69DFCF62BA6B10800679531 /* GoogleBooksJsonResponse.swift */ = {isa = PBXFileReference; lastKnownFileType = sourcecode.swift; path = GoogleBooksJsonResponse.swift; sourceTree = "<group>"; };
		E69DFCF82BA6B1CC00679531 /* BookApiHandler.swift */ = {isa = PBXFileReference; lastKnownFileType = sourcecode.swift; path = BookApiHandler.swift; sourceTree = "<group>"; };
		E6A7C0D62B1D4A1800746B64 /* AladinJsonResponse.swift */ = {isa = PBXFileReference; lastKnownFileType = sourcecode.swift; path = AladinJsonResponse.swift; sourceTree = "<group>"; };
		E6AA854F2B267A5F008225BA /* SettingView.swift */ = {isa = PBXFileReference; lastKnownFileType = sourcecode.swift; path = SettingView.swift; sourceTree = "<group>"; };
		E6AA85512B2685B5008225BA /* LicenseView.swift */ = {isa = PBXFileReference; lastKnownFileType = sourcecode.swift; path = LicenseView.swift; sourceTree = "<group>"; };
		E6AA85532B26E3B7008225BA /* View+Extension.swift */ = {isa = PBXFileReference; lastKnownFileType = sourcecode.swift; path = "View+Extension.swift"; sourceTree = "<group>"; };
		E6B184D02B142C6600776177 /* BookShelfView.swift */ = {isa = PBXFileReference; lastKnownFileType = sourcecode.swift; path = BookShelfView.swift; sourceTree = "<group>"; };
		E6B184D22B142FD400776177 /* BookShelfCell.swift */ = {isa = PBXFileReference; lastKnownFileType = sourcecode.swift; path = BookShelfCell.swift; sourceTree = "<group>"; };
		E6B2A9F92B271C7D004A6816 /* BookWishlistView.swift */ = {isa = PBXFileReference; lastKnownFileType = sourcecode.swift; path = BookWishlistView.swift; sourceTree = "<group>"; };
		E6B60C2B2B47E650002B4D04 /* BookNoteRepository.swift */ = {isa = PBXFileReference; lastKnownFileType = sourcecode.swift; path = BookNoteRepository.swift; sourceTree = "<group>"; };
		E6C73D5A2B02F82E00A3C9C9 /* UINavigationController+Extension.swift */ = {isa = PBXFileReference; lastKnownFileType = sourcecode.swift; path = "UINavigationController+Extension.swift"; sourceTree = "<group>"; };
		E6E12EBE2B1EBF4100CF3A64 /* BookInfo.swift */ = {isa = PBXFileReference; lastKnownFileType = sourcecode.swift; path = BookInfo.swift; sourceTree = "<group>"; };
		E6E4BF522B01B70300FEEE10 /* AddNoteView.swift */ = {isa = PBXFileReference; lastKnownFileType = sourcecode.swift; path = AddNoteView.swift; sourceTree = "<group>"; };
		E6E4BF552B01BF4000FEEE10 /* Header.swift */ = {isa = PBXFileReference; lastKnownFileType = sourcecode.swift; path = Header.swift; sourceTree = "<group>"; };
		E6E4BF582B01C88500FEEE10 /* NoteType.swift */ = {isa = PBXFileReference; lastKnownFileType = sourcecode.swift; path = NoteType.swift; sourceTree = "<group>"; };
		E6E4BF5A2B01CE1100FEEE10 /* NoteLabel.swift */ = {isa = PBXFileReference; lastKnownFileType = sourcecode.swift; path = NoteLabel.swift; sourceTree = "<group>"; };
		E6E68ED72AF1DD7B00172557 /* ReadLog.app */ = {isa = PBXFileReference; explicitFileType = wrapper.application; includeInIndex = 0; path = ReadLog.app; sourceTree = BUILT_PRODUCTS_DIR; };
		E6E68EDA2AF1DD7B00172557 /* ReadLogApp.swift */ = {isa = PBXFileReference; lastKnownFileType = sourcecode.swift; path = ReadLogApp.swift; sourceTree = "<group>"; };
		E6E68EDC2AF1DD7B00172557 /* RootView.swift */ = {isa = PBXFileReference; lastKnownFileType = sourcecode.swift; path = RootView.swift; sourceTree = "<group>"; };
		E6E68EDE2AF1DD7C00172557 /* Assets.xcassets */ = {isa = PBXFileReference; lastKnownFileType = folder.assetcatalog; path = Assets.xcassets; sourceTree = "<group>"; };
		E6E68EE12AF1DD7C00172557 /* Preview Assets.xcassets */ = {isa = PBXFileReference; lastKnownFileType = folder.assetcatalog; path = "Preview Assets.xcassets"; sourceTree = "<group>"; };
		E6EF1D202B98884700330F7F /* CoreDataEntity+Mapping.swift */ = {isa = PBXFileReference; lastKnownFileType = sourcecode.swift; path = "CoreDataEntity+Mapping.swift"; sourceTree = "<group>"; };
		E6EF1D222B988E7700330F7F /* Literals.swift */ = {isa = PBXFileReference; lastKnownFileType = sourcecode.swift; path = Literals.swift; sourceTree = "<group>"; };
		E6F17DCE2B9B24F300E1F029 /* FetchBookListUseCaseImpl.swift */ = {isa = PBXFileReference; lastKnownFileType = sourcecode.swift; path = FetchBookListUseCaseImpl.swift; sourceTree = "<group>"; };
		E6F17DD02B9B2B9F00E1F029 /* BookNoteCoreDataRepository.swift */ = {isa = PBXFileReference; lastKnownFileType = sourcecode.swift; path = BookNoteCoreDataRepository.swift; sourceTree = "<group>"; };
		E6F5AD1D2B0FCAFC00A605D4 /* ISBNScannerView.swift */ = {isa = PBXFileReference; lastKnownFileType = sourcecode.swift; path = ISBNScannerView.swift; sourceTree = "<group>"; };
		E6F5AD242B112AEE00A605D4 /* BookInfoData.swift */ = {isa = PBXFileReference; lastKnownFileType = sourcecode.swift; path = BookInfoData.swift; sourceTree = "<group>"; };
		E6F5AD292B134C0200A605D4 /* URLImage.swift */ = {isa = PBXFileReference; lastKnownFileType = sourcecode.swift; path = URLImage.swift; sourceTree = "<group>"; };
		E6F85BDB2B21470700E645B6 /* ReadingTrackerViewModel.swift */ = {isa = PBXFileReference; lastKnownFileType = sourcecode.swift; path = ReadingTrackerViewModel.swift; sourceTree = "<group>"; };
		E6F85BDD2B21471900E645B6 /* DailyProgress.swift */ = {isa = PBXFileReference; lastKnownFileType = sourcecode.swift; path = DailyProgress.swift; sourceTree = "<group>"; };
/* End PBXFileReference section */

/* Begin PBXFrameworksBuildPhase section */
		E6E68ED42AF1DD7B00172557 /* Frameworks */ = {
			isa = PBXFrameworksBuildPhase;
			buildActionMask = 2147483647;
			files = (
			);
			runOnlyForDeploymentPostprocessing = 0;
		};
/* End PBXFrameworksBuildPhase section */

/* Begin PBXGroup section */
		9DC96E9D2B0C57B500034878 /* BookDetail */ = {
			isa = PBXGroup;
			children = (
				9DC96E9E2B0C57F900034878 /* BookDetailFull.swift */,
				E6F85BDB2B21470700E645B6 /* ReadingTrackerViewModel.swift */,
			);
			path = BookDetail;
			sourceTree = "<group>";
		};
		E6035B852B0CEF4200C34007 /* ReadingBook */ = {
			isa = PBXGroup;
			children = (
				E6035B862B0CEF5600C34007 /* ReadingBookView.swift */,
				E66AB1FD2BA1EEB00090AB13 /* ReadingBookViewModel.swift */,
				DB0E01D92B1FF5B600F19A04 /* BooksView.swift */,
			);
			path = ReadingBook;
			sourceTree = "<group>";
		};
		E60623D02B98B02C00486487 /* Repository */ = {
			isa = PBXGroup;
			children = (
				E60623D12B98B04F00486487 /* BookInfoCoreDataRepository.swift */,
				E6F17DD02B9B2B9F00E1F029 /* BookNoteCoreDataRepository.swift */,
				E68A92D22B9B5627004DBDE7 /* ReadingTrackingCoreDataRepository.swift */,
				E65CBE252B9C5F450000ACC1 /* ReadBookCoreDataRepository.swift */,
			);
			path = Repository;
			sourceTree = "<group>";
		};
		E60DDA972B0A8CCF00F25BB2 /* SearchBook */ = {
			isa = PBXGroup;
			children = (
				E6F5AD1C2B0FCA9200A605D4 /* BarcodeScanner */,
				E6667EEC2B154E51006E6ED5 /* PaginationViewModel.swift */,
				E60DDA982B0A8D1400F25BB2 /* BookSearchView.swift */,
				E60DDA9A2B0A8F2400F25BB2 /* SearchBar.swift */,
				E60DDA9E2B0AF95500F25BB2 /* BookProfileContainer.swift */,
				E69DFCF82BA6B1CC00679531 /* BookApiHandler.swift */,
			);
			path = SearchBook;
			sourceTree = "<group>";
		};
		E618517D2B0B9CFC0067811C /* BookInfo */ = {
			isa = PBXGroup;
			children = (
				E61851842B0B9EFD0067811C /* BookInfoView.swift */,
			);
			path = BookInfo;
			sourceTree = "<group>";
		};
		E62252692AFB7ACF00D33EC3 /* Fonts */ = {
			isa = PBXGroup;
			children = (
				E622526A2AFB7AE600D33EC3 /* omyu pretty.ttf */,
			);
			path = Fonts;
			sourceTree = "<group>";
		};
		E65ED5312B97295F00A09FCE /* PersistentStorage */ = {
			isa = PBXGroup;
			children = (
				E65ED5332B9729AB00A09FCE /* CoreDataStorage */,
				E65ED5322B9729A200A09FCE /* EntityMapping */,
			);
			path = PersistentStorage;
			sourceTree = "<group>";
		};
		E65ED5322B9729A200A09FCE /* EntityMapping */ = {
			isa = PBXGroup;
			children = (
				E6EF1D202B98884700330F7F /* CoreDataEntity+Mapping.swift */,
			);
			path = EntityMapping;
			sourceTree = "<group>";
		};
		E65ED5332B9729AB00A09FCE /* CoreDataStorage */ = {
			isa = PBXGroup;
			children = (
				DB18172C2B062ED600A55F80 /* Persistence.swift */,
				E67606E92B95683800989262 /* CoreDataStorage.xcdatamodeld */,
			);
			path = CoreDataStorage;
			sourceTree = "<group>";
		};
		E69DFCF12BA6AC5400679531 /* AladinEntity */ = {
			isa = PBXGroup;
			children = (
				E6F5AD242B112AEE00A605D4 /* BookInfoData.swift */,
				E6A7C0D62B1D4A1800746B64 /* AladinJsonResponse.swift */,
			);
			path = AladinEntity;
			sourceTree = "<group>";
		};
		E69DFCF22BA6AC5D00679531 /* GoogleBooksEntity */ = {
			isa = PBXGroup;
			children = (
				E69DFCF62BA6B10800679531 /* GoogleBooksJsonResponse.swift */,
			);
			path = GoogleBooksEntity;
			sourceTree = "<group>";
		};
		E69DFCF32BA6AE6600679531 /* Network */ = {
			isa = PBXGroup;
			children = (
				E69DFCF12BA6AC5400679531 /* AladinEntity */,
				E69DFCF22BA6AC5D00679531 /* GoogleBooksEntity */,
				E69DFCF42BA6AEF500679531 /* BookDecodableAPI.swift */,
			);
			path = Network;
			sourceTree = "<group>";
		};
		E6AA854E2B267A58008225BA /* Setting */ = {
			isa = PBXGroup;
			children = (
				E6AA854F2B267A5F008225BA /* SettingView.swift */,
				E6AA85512B2685B5008225BA /* LicenseView.swift */,
				E618A6822B92136200FD6740 /* BackupView.swift */,
			);
			path = Setting;
			sourceTree = "<group>";
		};
		E6B184CF2B142C5C00776177 /* BookShelf */ = {
			isa = PBXGroup;
			children = (
				E6B184D02B142C6600776177 /* BookShelfView.swift */,
				E6B184D22B142FD400776177 /* BookShelfCell.swift */,
			);
			path = BookShelf;
			sourceTree = "<group>";
		};
		E6B2A9F82B271C6C004A6816 /* BookWishlist */ = {
			isa = PBXGroup;
			children = (
				E6B2A9F92B271C7D004A6816 /* BookWishlistView.swift */,
			);
			path = BookWishlist;
			sourceTree = "<group>";
		};
		E6B60C2A2B47E5F8002B4D04 /* Interface */ = {
			isa = PBXGroup;
			children = (
				E6B60C2B2B47E650002B4D04 /* BookNoteRepository.swift */,
				E60623CA2B98976000486487 /* BookInfoRepository.swift */,
				E60623CC2B98981A00486487 /* ReadingTrackingRepository.swift */,
				E60623CE2B98986400486487 /* ReadBookRepository.swift */,
			);
			path = Interface;
			sourceTree = "<group>";
		};
		E6E4BF542B01BD9B00FEEE10 /* AddNote */ = {
			isa = PBXGroup;
			children = (
				E6E4BF522B01B70300FEEE10 /* AddNoteView.swift */,
				E6187EF32B03495700731321 /* ScannerView.swift */,
				E6187EF52B03505300731321 /* TextRecognizer.swift */,
			);
			path = AddNote;
			sourceTree = "<group>";
		};
		E6E4BF572B01C87700FEEE10 /* Entities */ = {
			isa = PBXGroup;
			children = (
				E6E4BF582B01C88500FEEE10 /* NoteType.swift */,
				E6E12EBE2B1EBF4100CF3A64 /* BookInfo.swift */,
				E67C71B02B208F10001409BE /* BookNote.swift */,
				E6F85BDD2B21471900E645B6 /* DailyProgress.swift */,
				E65ED5342B972B6000A09FCE /* ReadingTracking.swift */,
				E65ED5362B97316100A09FCE /* ReadBook.swift */,
			);
			path = Entities;
			sourceTree = "<group>";
		};
		E6E68ECE2AF1DD7B00172557 = {
			isa = PBXGroup;
			children = (
				E6E68ED92AF1DD7B00172557 /* ReadLog */,
				E6E68ED82AF1DD7B00172557 /* Products */,
			);
			sourceTree = "<group>";
		};
		E6E68ED82AF1DD7B00172557 /* Products */ = {
			isa = PBXGroup;
			children = (
				E6E68ED72AF1DD7B00172557 /* ReadLog.app */,
			);
			name = Products;
			sourceTree = "<group>";
		};
		E6E68ED92AF1DD7B00172557 /* ReadLog */ = {
			isa = PBXGroup;
			children = (
				E618A6812B9211EF00FD6740 /* ReadLog.entitlements */,
				E622526C2AFB7B0400D33EC3 /* Info.plist */,
				E62252692AFB7ACF00D33EC3 /* Fonts */,
				E6E68EF02AF1DEDB00172557 /* Extension */,
				E6E68EEF2AF1DED200172557 /* Domain */,
				E6E68EEE2AF1DEC300172557 /* Data */,
				E6E68EED2AF1DEBC00172557 /* Constant */,
				E6E68EEC2AF1DE9900172557 /* System */,
				E6E68EE82AF1DDF400172557 /* Presenter */,
				E6E68EDE2AF1DD7C00172557 /* Assets.xcassets */,
				E6E68EE02AF1DD7C00172557 /* Preview Content */,
			);
			path = ReadLog;
			sourceTree = "<group>";
		};
		E6E68EE02AF1DD7C00172557 /* Preview Content */ = {
			isa = PBXGroup;
			children = (
				E6E68EE12AF1DD7C00172557 /* Preview Assets.xcassets */,
			);
			path = "Preview Content";
			sourceTree = "<group>";
		};
		E6E68EE82AF1DDF400172557 /* Presenter */ = {
			isa = PBXGroup;
			children = (
				E6B2A9F82B271C6C004A6816 /* BookWishlist */,
				E6AA854E2B267A58008225BA /* Setting */,
				E6B184CF2B142C5C00776177 /* BookShelf */,
				E6F5AD282B134BEC00A605D4 /* URLImage */,
				E6035B852B0CEF4200C34007 /* ReadingBook */,
				9DC96E9D2B0C57B500034878 /* BookDetail */,
				E618517D2B0B9CFC0067811C /* BookInfo */,
				E60DDA972B0A8CCF00F25BB2 /* SearchBook */,
				E6E4BF542B01BD9B00FEEE10 /* AddNote */,
				E6E68EEB2AF1DE1C00172557 /* System */,
				E6E68EE92AF1DDFE00172557 /* Component */,
			);
			path = Presenter;
			sourceTree = "<group>";
		};
		E6E68EE92AF1DDFE00172557 /* Component */ = {
			isa = PBXGroup;
			children = (
				E6E4BF552B01BF4000FEEE10 /* Header.swift */,
				E6E4BF5A2B01CE1100FEEE10 /* NoteLabel.swift */,
			);
			path = Component;
			sourceTree = "<group>";
		};
		E6E68EEB2AF1DE1C00172557 /* System */ = {
			isa = PBXGroup;
			children = (
				E6E68EDC2AF1DD7B00172557 /* RootView.swift */,
			);
			path = System;
			sourceTree = "<group>";
		};
		E6E68EEC2AF1DE9900172557 /* System */ = {
			isa = PBXGroup;
			children = (
				E6E68EDA2AF1DD7B00172557 /* ReadLogApp.swift */,
			);
			path = System;
			sourceTree = "<group>";
		};
		E6E68EED2AF1DEBC00172557 /* Constant */ = {
			isa = PBXGroup;
			children = (
				E61851822B0B9EA80067811C /* APIKEY.swift */,
				E6EF1D222B988E7700330F7F /* Literals.swift */,
			);
			path = Constant;
			sourceTree = "<group>";
		};
		E6E68EEE2AF1DEC300172557 /* Data */ = {
			isa = PBXGroup;
			children = (
				E69DFCF32BA6AE6600679531 /* Network */,
				E60623D02B98B02C00486487 /* Repository */,
				E65ED5312B97295F00A09FCE /* PersistentStorage */,
			);
			path = Data;
			sourceTree = "<group>";
		};
		E6E68EEF2AF1DED200172557 /* Domain */ = {
			isa = PBXGroup;
			children = (
				E6F17DCD2B9B24D800E1F029 /* UseCases */,
				E6B60C2A2B47E5F8002B4D04 /* Interface */,
				E6E4BF572B01C87700FEEE10 /* Entities */,
			);
			path = Domain;
			sourceTree = "<group>";
		};
		E6E68EF02AF1DEDB00172557 /* Extension */ = {
			isa = PBXGroup;
			children = (
				E622526D2AFB7CB300D33EC3 /* Color+Extension.swift */,
				E622526F2AFB7E7000D33EC3 /* TextStyle+Extension.swift */,
				E6C73D5A2B02F82E00A3C9C9 /* UINavigationController+Extension.swift */,
				E60025082B06378D00C4DFDD /* Date+Extension.swift */,
				E6AA85532B26E3B7008225BA /* View+Extension.swift */,
			);
			path = Extension;
			sourceTree = "<group>";
		};
		E6F17DCD2B9B24D800E1F029 /* UseCases */ = {
			isa = PBXGroup;
			children = (
				E6F17DCE2B9B24F300E1F029 /* FetchBookListUseCaseImpl.swift */,
				E68A92CE2B9B3299004DBDE7 /* AddBookNoteUseCaseImpl.swift */,
				E68A92D02B9B3E71004DBDE7 /* FetchBookNoteListUseCaseImpl.swift */,
				E68A92D42B9B5A9B004DBDE7 /* FetchReadingTrackingsUseCaseImpl.swift */,
				E68A92D62B9B5B44004DBDE7 /* AddReadingTrackingUseCaseImpl.swift */,
				E68A92D82B9B5B78004DBDE7 /* UpdateReadingTrackingUseCaseImpl.swift */,
				E65CBE272B9C62C00000ACC1 /* FetchReadBookListUseCaseImpl.swift */,
				E65CBE292B9C62CD0000ACC1 /* AddReadBookUseCaseImpl.swift */,
				E65CBE2B2B9C67E70000ACC1 /* UpdateBookInfoUseCaseImpl.swift */,
				E65CBE2D2B9C69340000ACC1 /* AddBookInfoUseCaseImpl.swift */,
				E65CBE2F2B9C693C0000ACC1 /* FetchBookInfoUseCaseImpl.swift */,
			);
			path = UseCases;
			sourceTree = "<group>";
		};
		E6F5AD1C2B0FCA9200A605D4 /* BarcodeScanner */ = {
			isa = PBXGroup;
			children = (
				E6F5AD1D2B0FCAFC00A605D4 /* ISBNScannerView.swift */,
			);
			path = BarcodeScanner;
			sourceTree = "<group>";
		};
		E6F5AD282B134BEC00A605D4 /* URLImage */ = {
			isa = PBXGroup;
			children = (
				E6F5AD292B134C0200A605D4 /* URLImage.swift */,
			);
			path = URLImage;
			sourceTree = "<group>";
		};
/* End PBXGroup section */

/* Begin PBXNativeTarget section */
		E6E68ED62AF1DD7B00172557 /* ReadLog */ = {
			isa = PBXNativeTarget;
			buildConfigurationList = E6E68EE52AF1DD7C00172557 /* Build configuration list for PBXNativeTarget "ReadLog" */;
			buildPhases = (
				E6E68ED32AF1DD7B00172557 /* Sources */,
				E6E68ED42AF1DD7B00172557 /* Frameworks */,
				E6E68ED52AF1DD7B00172557 /* Resources */,
			);
			buildRules = (
			);
			dependencies = (
			);
			name = ReadLog;
			packageProductDependencies = (
			);
			productName = ReadLog;
			productReference = E6E68ED72AF1DD7B00172557 /* ReadLog.app */;
			productType = "com.apple.product-type.application";
		};
/* End PBXNativeTarget section */

/* Begin PBXProject section */
		E6E68ECF2AF1DD7B00172557 /* Project object */ = {
			isa = PBXProject;
			attributes = {
				BuildIndependentTargetsInParallel = 1;
				LastSwiftUpdateCheck = 1430;
				LastUpgradeCheck = 1430;
				TargetAttributes = {
					E6E68ED62AF1DD7B00172557 = {
						CreatedOnToolsVersion = 14.3.1;
					};
				};
			};
			buildConfigurationList = E6E68ED22AF1DD7B00172557 /* Build configuration list for PBXProject "ReadLog" */;
			compatibilityVersion = "Xcode 14.0";
			developmentRegion = en;
			hasScannedForEncodings = 0;
			knownRegions = (
				en,
				Base,
			);
			mainGroup = E6E68ECE2AF1DD7B00172557;
			packageReferences = (
			);
			productRefGroup = E6E68ED82AF1DD7B00172557 /* Products */;
			projectDirPath = "";
			projectRoot = "";
			targets = (
				E6E68ED62AF1DD7B00172557 /* ReadLog */,
			);
		};
/* End PBXProject section */

/* Begin PBXResourcesBuildPhase section */
		E6E68ED52AF1DD7B00172557 /* Resources */ = {
			isa = PBXResourcesBuildPhase;
			buildActionMask = 2147483647;
			files = (
				E622526B2AFB7AE600D33EC3 /* omyu pretty.ttf in Resources */,
				E6E68EE22AF1DD7C00172557 /* Preview Assets.xcassets in Resources */,
				E6E68EDF2AF1DD7C00172557 /* Assets.xcassets in Resources */,
			);
			runOnlyForDeploymentPostprocessing = 0;
		};
/* End PBXResourcesBuildPhase section */

/* Begin PBXSourcesBuildPhase section */
		E6E68ED32AF1DD7B00172557 /* Sources */ = {
			isa = PBXSourcesBuildPhase;
			buildActionMask = 2147483647;
			files = (
				E68A92D52B9B5A9B004DBDE7 /* FetchReadingTrackingsUseCaseImpl.swift in Sources */,
				E60DDA9F2B0AF95500F25BB2 /* BookProfileContainer.swift in Sources */,
				E6F5AD1E2B0FCAFC00A605D4 /* ISBNScannerView.swift in Sources */,
				E60623CB2B98976000486487 /* BookInfoRepository.swift in Sources */,
				E6AA85522B2685B5008225BA /* LicenseView.swift in Sources */,
				E60DDA992B0A8D1400F25BB2 /* BookSearchView.swift in Sources */,
				E66AB1FE2BA1EEB00090AB13 /* ReadingBookViewModel.swift in Sources */,
				E60DDA9B2B0A8F2400F25BB2 /* SearchBar.swift in Sources */,
				E6AA85502B267A5F008225BA /* SettingView.swift in Sources */,
				E65ED5372B97316100A09FCE /* ReadBook.swift in Sources */,
				E65CBE302B9C693C0000ACC1 /* FetchBookInfoUseCaseImpl.swift in Sources */,
				E6E4BF5B2B01CE1100FEEE10 /* NoteLabel.swift in Sources */,
				E65CBE282B9C62C00000ACC1 /* FetchReadBookListUseCaseImpl.swift in Sources */,
				E6A7C0D72B1D4A1800746B64 /* AladinJsonResponse.swift in Sources */,
				E6E12EBF2B1EBF4100CF3A64 /* BookInfo.swift in Sources */,
				E60623D22B98B04F00486487 /* BookInfoCoreDataRepository.swift in Sources */,
				E6E4BF592B01C88500FEEE10 /* NoteType.swift in Sources */,
				E66509D42B14B6FD005ACFA5 /* BookShelfView.swift in Sources */,
				E6E68EDD2AF1DD7B00172557 /* RootView.swift in Sources */,
				E6F17DCF2B9B24F300E1F029 /* FetchBookListUseCaseImpl.swift in Sources */,
				E622526E2AFB7CB300D33EC3 /* Color+Extension.swift in Sources */,
				E6F85BDC2B21470700E645B6 /* ReadingTrackerViewModel.swift in Sources */,
				E68A92D92B9B5B78004DBDE7 /* UpdateReadingTrackingUseCaseImpl.swift in Sources */,
				E6667EED2B154E51006E6ED5 /* PaginationViewModel.swift in Sources */,
				E67606EB2B95683800989262 /* CoreDataStorage.xcdatamodeld in Sources */,
				E618A6832B92136200FD6740 /* BackupView.swift in Sources */,
				E65CBE2A2B9C62CD0000ACC1 /* AddReadBookUseCaseImpl.swift in Sources */,
				DB0E01DA2B1FF5B600F19A04 /* BooksView.swift in Sources */,
				DB18172D2B062ED600A55F80 /* Persistence.swift in Sources */,
				E65CBE2C2B9C67E70000ACC1 /* UpdateBookInfoUseCaseImpl.swift in Sources */,
				E6B184D32B142FD400776177 /* BookShelfCell.swift in Sources */,
				E6F5AD2A2B134C0200A605D4 /* URLImage.swift in Sources */,
				E6AA85542B26E3B7008225BA /* View+Extension.swift in Sources */,
				E60623CF2B98986400486487 /* ReadBookRepository.swift in Sources */,
				E6F5AD252B112AEE00A605D4 /* BookInfoData.swift in Sources */,
				E6EF1D212B98884700330F7F /* CoreDataEntity+Mapping.swift in Sources */,
				E61851832B0B9EA80067811C /* APIKEY.swift in Sources */,
				E6187EF62B03505300731321 /* TextRecognizer.swift in Sources */,
				E60025092B06378D00C4DFDD /* Date+Extension.swift in Sources */,
				9DC96E9F2B0C57F900034878 /* BookDetailFull.swift in Sources */,
				E62252702AFB7E7000D33EC3 /* TextStyle+Extension.swift in Sources */,
				E69DFCF92BA6B1CC00679531 /* BookApiHandler.swift in Sources */,
				E68A92D32B9B5627004DBDE7 /* ReadingTrackingCoreDataRepository.swift in Sources */,
				E6E68EDB2AF1DD7B00172557 /* ReadLogApp.swift in Sources */,
				E6035B872B0CEF5600C34007 /* ReadingBookView.swift in Sources */,
				E67C71B12B208F10001409BE /* BookNote.swift in Sources */,
				E6F85BDE2B21471900E645B6 /* DailyProgress.swift in Sources */,
				E6E4BF562B01BF4000FEEE10 /* Header.swift in Sources */,
				E6E4BF532B01B70300FEEE10 /* AddNoteView.swift in Sources */,
				E6EF1D232B988E7700330F7F /* Literals.swift in Sources */,
				E6B2A9FA2B271C7D004A6816 /* BookWishlistView.swift in Sources */,
				E68A92CF2B9B3299004DBDE7 /* AddBookNoteUseCaseImpl.swift in Sources */,
				E65ED5352B972B6000A09FCE /* ReadingTracking.swift in Sources */,
				E6F17DD12B9B2B9F00E1F029 /* BookNoteCoreDataRepository.swift in Sources */,
				E6B60C2C2B47E650002B4D04 /* BookNoteRepository.swift in Sources */,
				E69DFCF52BA6AEF500679531 /* BookDecodableAPI.swift in Sources */,
				E68A92D12B9B3E71004DBDE7 /* FetchBookNoteListUseCaseImpl.swift in Sources */,
				E65CBE262B9C5F450000ACC1 /* ReadBookCoreDataRepository.swift in Sources */,
				E61851852B0B9EFD0067811C /* BookInfoView.swift in Sources */,
				E6C73D5B2B02F82E00A3C9C9 /* UINavigationController+Extension.swift in Sources */,
				E60623CD2B98981A00486487 /* ReadingTrackingRepository.swift in Sources */,
				E69DFCF72BA6B10800679531 /* GoogleBooksJsonResponse.swift in Sources */,
				E6187EF42B03495700731321 /* ScannerView.swift in Sources */,
				E65CBE2E2B9C69340000ACC1 /* AddBookInfoUseCaseImpl.swift in Sources */,
				E68A92D72B9B5B44004DBDE7 /* AddReadingTrackingUseCaseImpl.swift in Sources */,
			);
			runOnlyForDeploymentPostprocessing = 0;
		};
/* End PBXSourcesBuildPhase section */

/* Begin XCBuildConfiguration section */
		E6E68EE32AF1DD7C00172557 /* Debug */ = {
			isa = XCBuildConfiguration;
			buildSettings = {
				ALWAYS_SEARCH_USER_PATHS = NO;
				CLANG_ANALYZER_NONNULL = YES;
				CLANG_ANALYZER_NUMBER_OBJECT_CONVERSION = YES_AGGRESSIVE;
				CLANG_CXX_LANGUAGE_STANDARD = "gnu++20";
				CLANG_ENABLE_MODULES = YES;
				CLANG_ENABLE_OBJC_ARC = YES;
				CLANG_ENABLE_OBJC_WEAK = YES;
				CLANG_WARN_BLOCK_CAPTURE_AUTORELEASING = YES;
				CLANG_WARN_BOOL_CONVERSION = YES;
				CLANG_WARN_COMMA = YES;
				CLANG_WARN_CONSTANT_CONVERSION = YES;
				CLANG_WARN_DEPRECATED_OBJC_IMPLEMENTATIONS = YES;
				CLANG_WARN_DIRECT_OBJC_ISA_USAGE = YES_ERROR;
				CLANG_WARN_DOCUMENTATION_COMMENTS = YES;
				CLANG_WARN_EMPTY_BODY = YES;
				CLANG_WARN_ENUM_CONVERSION = YES;
				CLANG_WARN_INFINITE_RECURSION = YES;
				CLANG_WARN_INT_CONVERSION = YES;
				CLANG_WARN_NON_LITERAL_NULL_CONVERSION = YES;
				CLANG_WARN_OBJC_IMPLICIT_RETAIN_SELF = YES;
				CLANG_WARN_OBJC_LITERAL_CONVERSION = YES;
				CLANG_WARN_OBJC_ROOT_CLASS = YES_ERROR;
				CLANG_WARN_QUOTED_INCLUDE_IN_FRAMEWORK_HEADER = YES;
				CLANG_WARN_RANGE_LOOP_ANALYSIS = YES;
				CLANG_WARN_STRICT_PROTOTYPES = YES;
				CLANG_WARN_SUSPICIOUS_MOVE = YES;
				CLANG_WARN_UNGUARDED_AVAILABILITY = YES_AGGRESSIVE;
				CLANG_WARN_UNREACHABLE_CODE = YES;
				CLANG_WARN__DUPLICATE_METHOD_MATCH = YES;
				COPY_PHASE_STRIP = NO;
				DEBUG_INFORMATION_FORMAT = dwarf;
				ENABLE_STRICT_OBJC_MSGSEND = YES;
				ENABLE_TESTABILITY = YES;
				GCC_C_LANGUAGE_STANDARD = gnu11;
				GCC_DYNAMIC_NO_PIC = NO;
				GCC_NO_COMMON_BLOCKS = YES;
				GCC_OPTIMIZATION_LEVEL = 0;
				GCC_PREPROCESSOR_DEFINITIONS = (
					"DEBUG=1",
					"$(inherited)",
				);
				GCC_WARN_64_TO_32_BIT_CONVERSION = YES;
				GCC_WARN_ABOUT_RETURN_TYPE = YES_ERROR;
				GCC_WARN_UNDECLARED_SELECTOR = YES;
				GCC_WARN_UNINITIALIZED_AUTOS = YES_AGGRESSIVE;
				GCC_WARN_UNUSED_FUNCTION = YES;
				GCC_WARN_UNUSED_VARIABLE = YES;
				IPHONEOS_DEPLOYMENT_TARGET = 16.0;
				MTL_ENABLE_DEBUG_INFO = INCLUDE_SOURCE;
				MTL_FAST_MATH = YES;
				ONLY_ACTIVE_ARCH = YES;
				SDKROOT = iphoneos;
				SWIFT_ACTIVE_COMPILATION_CONDITIONS = DEBUG;
				SWIFT_OPTIMIZATION_LEVEL = "-Onone";
			};
			name = Debug;
		};
		E6E68EE42AF1DD7C00172557 /* Release */ = {
			isa = XCBuildConfiguration;
			buildSettings = {
				ALWAYS_SEARCH_USER_PATHS = NO;
				CLANG_ANALYZER_NONNULL = YES;
				CLANG_ANALYZER_NUMBER_OBJECT_CONVERSION = YES_AGGRESSIVE;
				CLANG_CXX_LANGUAGE_STANDARD = "gnu++20";
				CLANG_ENABLE_MODULES = YES;
				CLANG_ENABLE_OBJC_ARC = YES;
				CLANG_ENABLE_OBJC_WEAK = YES;
				CLANG_WARN_BLOCK_CAPTURE_AUTORELEASING = YES;
				CLANG_WARN_BOOL_CONVERSION = YES;
				CLANG_WARN_COMMA = YES;
				CLANG_WARN_CONSTANT_CONVERSION = YES;
				CLANG_WARN_DEPRECATED_OBJC_IMPLEMENTATIONS = YES;
				CLANG_WARN_DIRECT_OBJC_ISA_USAGE = YES_ERROR;
				CLANG_WARN_DOCUMENTATION_COMMENTS = YES;
				CLANG_WARN_EMPTY_BODY = YES;
				CLANG_WARN_ENUM_CONVERSION = YES;
				CLANG_WARN_INFINITE_RECURSION = YES;
				CLANG_WARN_INT_CONVERSION = YES;
				CLANG_WARN_NON_LITERAL_NULL_CONVERSION = YES;
				CLANG_WARN_OBJC_IMPLICIT_RETAIN_SELF = YES;
				CLANG_WARN_OBJC_LITERAL_CONVERSION = YES;
				CLANG_WARN_OBJC_ROOT_CLASS = YES_ERROR;
				CLANG_WARN_QUOTED_INCLUDE_IN_FRAMEWORK_HEADER = YES;
				CLANG_WARN_RANGE_LOOP_ANALYSIS = YES;
				CLANG_WARN_STRICT_PROTOTYPES = YES;
				CLANG_WARN_SUSPICIOUS_MOVE = YES;
				CLANG_WARN_UNGUARDED_AVAILABILITY = YES_AGGRESSIVE;
				CLANG_WARN_UNREACHABLE_CODE = YES;
				CLANG_WARN__DUPLICATE_METHOD_MATCH = YES;
				COPY_PHASE_STRIP = NO;
				DEBUG_INFORMATION_FORMAT = "dwarf-with-dsym";
				ENABLE_NS_ASSERTIONS = NO;
				ENABLE_STRICT_OBJC_MSGSEND = YES;
				GCC_C_LANGUAGE_STANDARD = gnu11;
				GCC_NO_COMMON_BLOCKS = YES;
				GCC_WARN_64_TO_32_BIT_CONVERSION = YES;
				GCC_WARN_ABOUT_RETURN_TYPE = YES_ERROR;
				GCC_WARN_UNDECLARED_SELECTOR = YES;
				GCC_WARN_UNINITIALIZED_AUTOS = YES_AGGRESSIVE;
				GCC_WARN_UNUSED_FUNCTION = YES;
				GCC_WARN_UNUSED_VARIABLE = YES;
				IPHONEOS_DEPLOYMENT_TARGET = 16.0;
				MTL_ENABLE_DEBUG_INFO = NO;
				MTL_FAST_MATH = YES;
				SDKROOT = iphoneos;
				SWIFT_COMPILATION_MODE = wholemodule;
				SWIFT_OPTIMIZATION_LEVEL = "-O";
				VALIDATE_PRODUCT = YES;
			};
			name = Release;
		};
		E6E68EE62AF1DD7C00172557 /* Debug */ = {
			isa = XCBuildConfiguration;
			buildSettings = {
				ASSETCATALOG_COMPILER_APPICON_NAME = AppIcon_Dev;
				ASSETCATALOG_COMPILER_GLOBAL_ACCENT_COLOR_NAME = AccentColor;
				CODE_SIGN_ENTITLEMENTS = ReadLog/ReadLog.entitlements;
				CODE_SIGN_IDENTITY = "Apple Development";
				CODE_SIGN_STYLE = Automatic;
				CURRENT_PROJECT_VERSION = 1;
				DEVELOPMENT_ASSET_PATHS = "\"ReadLog/Preview Content\"";
				DEVELOPMENT_TEAM = 953VJTV7TA;
				ENABLE_PREVIEWS = YES;
				GENERATE_INFOPLIST_FILE = YES;
				INFOPLIST_FILE = ReadLog/Info.plist;
				INFOPLIST_KEY_CFBundleDisplayName = Dev_ReadLog;
				INFOPLIST_KEY_NSCameraUsageDescription = "책의 내용을 스캔하기 위해서 카메라 사용 허용이 필요합니다.";
				INFOPLIST_KEY_UIApplicationSceneManifest_Generation = YES;
				INFOPLIST_KEY_UIApplicationSupportsIndirectInputEvents = YES;
				INFOPLIST_KEY_UILaunchScreen_Generation = YES;
				INFOPLIST_KEY_UISupportedInterfaceOrientations = UIInterfaceOrientationPortrait;
				INFOPLIST_KEY_UISupportedInterfaceOrientations_iPad = "UIInterfaceOrientationLandscapeLeft UIInterfaceOrientationLandscapeRight UIInterfaceOrientationPortrait UIInterfaceOrientationPortraitUpsideDown";
				INFOPLIST_KEY_UIUserInterfaceStyle = Light;
				IPHONEOS_DEPLOYMENT_TARGET = 16.0;
				LD_RUNPATH_SEARCH_PATHS = (
					"$(inherited)",
					"@executable_path/Frameworks",
				);
				MARKETING_VERSION = 1.0.3;
				PRODUCT_BUNDLE_IDENTIFIER = travelerSH.ReadLog.Dev;
				PRODUCT_NAME = "$(TARGET_NAME)";
				PROVISIONING_PROFILE_SPECIFIER = "";
				SUPPORTED_PLATFORMS = "iphoneos iphonesimulator";
				SUPPORTS_MACCATALYST = NO;
				SUPPORTS_MAC_DESIGNED_FOR_IPHONE_IPAD = NO;
				SWIFT_EMIT_LOC_STRINGS = YES;
				SWIFT_VERSION = 5.0;
				TARGETED_DEVICE_FAMILY = 1;
			};
			name = Debug;
		};
		E6E68EE72AF1DD7C00172557 /* Release */ = {
			isa = XCBuildConfiguration;
			buildSettings = {
				ASSETCATALOG_COMPILER_APPICON_NAME = AppIcon;
				ASSETCATALOG_COMPILER_GLOBAL_ACCENT_COLOR_NAME = AccentColor;
				CODE_SIGN_ENTITLEMENTS = ReadLog/ReadLog.entitlements;
				CODE_SIGN_IDENTITY = "Apple Development";
				CODE_SIGN_STYLE = Automatic;
				CURRENT_PROJECT_VERSION = 1;
				DEVELOPMENT_ASSET_PATHS = "\"ReadLog/Preview Content\"";
				DEVELOPMENT_TEAM = 953VJTV7TA;
				ENABLE_PREVIEWS = YES;
				GENERATE_INFOPLIST_FILE = YES;
				INFOPLIST_FILE = ReadLog/Info.plist;
				INFOPLIST_KEY_NSCameraUsageDescription = "책의 내용을 스캔하기 위해서 카메라 사용 허용이 필요합니다.";
				INFOPLIST_KEY_UIApplicationSceneManifest_Generation = YES;
				INFOPLIST_KEY_UIApplicationSupportsIndirectInputEvents = YES;
				INFOPLIST_KEY_UILaunchScreen_Generation = YES;
				INFOPLIST_KEY_UISupportedInterfaceOrientations = UIInterfaceOrientationPortrait;
				INFOPLIST_KEY_UISupportedInterfaceOrientations_iPad = "UIInterfaceOrientationLandscapeLeft UIInterfaceOrientationLandscapeRight UIInterfaceOrientationPortrait UIInterfaceOrientationPortraitUpsideDown";
				INFOPLIST_KEY_UIUserInterfaceStyle = Light;
				IPHONEOS_DEPLOYMENT_TARGET = 16.0;
				LD_RUNPATH_SEARCH_PATHS = (
					"$(inherited)",
					"@executable_path/Frameworks",
				);
				MARKETING_VERSION = 1.0.3;
				PRODUCT_BUNDLE_IDENTIFIER = travelerSH.ReadLog;
				PRODUCT_NAME = "$(TARGET_NAME)";
				PROVISIONING_PROFILE_SPECIFIER = "";
				SUPPORTED_PLATFORMS = "iphoneos iphonesimulator";
				SUPPORTS_MACCATALYST = NO;
				SUPPORTS_MAC_DESIGNED_FOR_IPHONE_IPAD = NO;
				SWIFT_EMIT_LOC_STRINGS = YES;
				SWIFT_VERSION = 5.0;
				TARGETED_DEVICE_FAMILY = 1;
			};
			name = Release;
		};
/* End XCBuildConfiguration section */

/* Begin XCConfigurationList section */
		E6E68ED22AF1DD7B00172557 /* Build configuration list for PBXProject "ReadLog" */ = {
			isa = XCConfigurationList;
			buildConfigurations = (
				E6E68EE32AF1DD7C00172557 /* Debug */,
				E6E68EE42AF1DD7C00172557 /* Release */,
			);
			defaultConfigurationIsVisible = 0;
			defaultConfigurationName = Release;
		};
		E6E68EE52AF1DD7C00172557 /* Build configuration list for PBXNativeTarget "ReadLog" */ = {
			isa = XCConfigurationList;
			buildConfigurations = (
				E6E68EE62AF1DD7C00172557 /* Debug */,
				E6E68EE72AF1DD7C00172557 /* Release */,
			);
			defaultConfigurationIsVisible = 0;
			defaultConfigurationName = Release;
		};
/* End XCConfigurationList section */

/* Begin XCVersionGroup section */
		E67606E92B95683800989262 /* CoreDataStorage.xcdatamodeld */ = {
			isa = XCVersionGroup;
			children = (
				E67606EA2B95683800989262 /* CoreDataStorage.xcdatamodel */,
			);
			currentVersion = E67606EA2B95683800989262 /* CoreDataStorage.xcdatamodel */;
			path = CoreDataStorage.xcdatamodeld;
			sourceTree = "<group>";
			versionGroupType = wrapper.xcdatamodel;
		};
/* End XCVersionGroup section */
	};
	rootObject = E6E68ECF2AF1DD7B00172557 /* Project object */;
}
