// !$*UTF8*$!
{
	archiveVersion = 1;
	classes = {
	};
	objectVersion = 56;
	objects = {

/* Begin PBXBuildFile section */
		9DA3579A2B009A9D004EC3C1 /* displayBook.swift in Sources */ = {isa = PBXBuildFile; fileRef = 9DA357992B009A9D004EC3C1 /* displayBook.swift */; };
		9DA3579C2B009AD1004EC3C1 /* viewBookMemo.swift in Sources */ = {isa = PBXBuildFile; fileRef = 9DA3579B2B009AD0004EC3C1 /* viewBookMemo.swift */; };
		9DC96E9F2B0C57F900034878 /* BookDetailFull.swift in Sources */ = {isa = PBXBuildFile; fileRef = 9DC96E9E2B0C57F900034878 /* BookDetailFull.swift */; };
		9DEACAC62B0A33FE001796FE /* ReadingTracker.swift in Sources */ = {isa = PBXBuildFile; fileRef = 9DEACAC52B0A33FE001796FE /* ReadingTracker.swift */; };
		DB18172D2B062ED600A55F80 /* Persistence.swift in Sources */ = {isa = PBXBuildFile; fileRef = DB18172C2B062ED600A55F80 /* Persistence.swift */; };
		DB633C1B2B02FC8F004CEC27 /* Model.xcdatamodeld in Sources */ = {isa = PBXBuildFile; fileRef = DB633C192B02FC8F004CEC27 /* Model.xcdatamodeld */; };
		E60025092B06378D00C4DFDD /* Date+Extension.swift in Sources */ = {isa = PBXBuildFile; fileRef = E60025082B06378D00C4DFDD /* Date+Extension.swift */; };
		E6035B872B0CEF5600C34007 /* ReadingBookView.swift in Sources */ = {isa = PBXBuildFile; fileRef = E6035B862B0CEF5600C34007 /* ReadingBookView.swift */; };
		E6035B8A2B0CF09200C34007 /* BookShelfView.swift in Sources */ = {isa = PBXBuildFile; fileRef = E6035B892B0CF09200C34007 /* BookShelfView.swift */; };
		E60DDA992B0A8D1400F25BB2 /* BookSearchView.swift in Sources */ = {isa = PBXBuildFile; fileRef = E60DDA982B0A8D1400F25BB2 /* BookSearchView.swift */; };
		E60DDA9B2B0A8F2400F25BB2 /* SearchBar.swift in Sources */ = {isa = PBXBuildFile; fileRef = E60DDA9A2B0A8F2400F25BB2 /* SearchBar.swift */; };
		E60DDA9F2B0AF95500F25BB2 /* BookProfileContainer.swift in Sources */ = {isa = PBXBuildFile; fileRef = E60DDA9E2B0AF95500F25BB2 /* BookProfileContainer.swift */; };
		E618517F2B0B9D8B0067811C /* BookBriefInfoContainer.swift in Sources */ = {isa = PBXBuildFile; fileRef = E618517E2B0B9D8B0067811C /* BookBriefInfoContainer.swift */; };
		E61851832B0B9EA80067811C /* APIKEY.swift in Sources */ = {isa = PBXBuildFile; fileRef = E61851822B0B9EA80067811C /* APIKEY.swift */; };
		E61851852B0B9EFD0067811C /* BookInfoView.swift in Sources */ = {isa = PBXBuildFile; fileRef = E61851842B0B9EFD0067811C /* BookInfoView.swift */; };
		E6187EF42B03495700731321 /* ScannerView.swift in Sources */ = {isa = PBXBuildFile; fileRef = E6187EF32B03495700731321 /* ScannerView.swift */; };
		E6187EF62B03505300731321 /* TextRecognizer.swift in Sources */ = {isa = PBXBuildFile; fileRef = E6187EF52B03505300731321 /* TextRecognizer.swift */; };
		E622526B2AFB7AE600D33EC3 /* omyu pretty.ttf in Resources */ = {isa = PBXBuildFile; fileRef = E622526A2AFB7AE600D33EC3 /* omyu pretty.ttf */; };
		E622526E2AFB7CB300D33EC3 /* Color+Extension.swift in Sources */ = {isa = PBXBuildFile; fileRef = E622526D2AFB7CB300D33EC3 /* Color+Extension.swift */; };
		E62252702AFB7E7000D33EC3 /* TextStyle+Extension.swift in Sources */ = {isa = PBXBuildFile; fileRef = E622526F2AFB7E7000D33EC3 /* TextStyle+Extension.swift */; };
		E6C73D5B2B02F82E00A3C9C9 /* UINavigationController+Extension.swift in Sources */ = {isa = PBXBuildFile; fileRef = E6C73D5A2B02F82E00A3C9C9 /* UINavigationController+Extension.swift */; };
		E6E4BF532B01B70300FEEE10 /* AddNoteView.swift in Sources */ = {isa = PBXBuildFile; fileRef = E6E4BF522B01B70300FEEE10 /* AddNoteView.swift */; };
		E6E4BF562B01BF4000FEEE10 /* Header.swift in Sources */ = {isa = PBXBuildFile; fileRef = E6E4BF552B01BF4000FEEE10 /* Header.swift */; };
		E6E4BF592B01C88500FEEE10 /* Note.swift in Sources */ = {isa = PBXBuildFile; fileRef = E6E4BF582B01C88500FEEE10 /* Note.swift */; };
		E6E4BF5B2B01CE1100FEEE10 /* NoteLabel.swift in Sources */ = {isa = PBXBuildFile; fileRef = E6E4BF5A2B01CE1100FEEE10 /* NoteLabel.swift */; };
		E6E68EDB2AF1DD7B00172557 /* ReadLogApp.swift in Sources */ = {isa = PBXBuildFile; fileRef = E6E68EDA2AF1DD7B00172557 /* ReadLogApp.swift */; };
		E6E68EDD2AF1DD7B00172557 /* RootView.swift in Sources */ = {isa = PBXBuildFile; fileRef = E6E68EDC2AF1DD7B00172557 /* RootView.swift */; };
		E6E68EDF2AF1DD7C00172557 /* Assets.xcassets in Resources */ = {isa = PBXBuildFile; fileRef = E6E68EDE2AF1DD7C00172557 /* Assets.xcassets */; };
		E6E68EE22AF1DD7C00172557 /* Preview Assets.xcassets in Resources */ = {isa = PBXBuildFile; fileRef = E6E68EE12AF1DD7C00172557 /* Preview Assets.xcassets */; };
		E6F5AD1E2B0FCAFC00A605D4 /* ISBNScannerView.swift in Sources */ = {isa = PBXBuildFile; fileRef = E6F5AD1D2B0FCAFC00A605D4 /* ISBNScannerView.swift */; };
		E6F5AD252B112AEE00A605D4 /* BookInfoData_Temporal.swift in Sources */ = {isa = PBXBuildFile; fileRef = E6F5AD242B112AEE00A605D4 /* BookInfoData_Temporal.swift */; };
		E6F5AD272B113B8D00A605D4 /* APIResponse.swift in Sources */ = {isa = PBXBuildFile; fileRef = E6F5AD262B113B8D00A605D4 /* APIResponse.swift */; };
		E6F5AD2A2B134C0200A605D4 /* URLImage.swift in Sources */ = {isa = PBXBuildFile; fileRef = E6F5AD292B134C0200A605D4 /* URLImage.swift */; };
/* End PBXBuildFile section */

/* Begin PBXFileReference section */
		9DA357992B009A9D004EC3C1 /* displayBook.swift */ = {isa = PBXFileReference; fileEncoding = 4; lastKnownFileType = sourcecode.swift; path = displayBook.swift; sourceTree = "<group>"; };
		9DA3579B2B009AD0004EC3C1 /* viewBookMemo.swift */ = {isa = PBXFileReference; fileEncoding = 4; lastKnownFileType = sourcecode.swift; path = viewBookMemo.swift; sourceTree = "<group>"; };
		9DC96E9E2B0C57F900034878 /* BookDetailFull.swift */ = {isa = PBXFileReference; lastKnownFileType = sourcecode.swift; path = BookDetailFull.swift; sourceTree = "<group>"; };
		9DEACAC52B0A33FE001796FE /* ReadingTracker.swift */ = {isa = PBXFileReference; lastKnownFileType = sourcecode.swift; path = ReadingTracker.swift; sourceTree = "<group>"; };
		DB18172C2B062ED600A55F80 /* Persistence.swift */ = {isa = PBXFileReference; lastKnownFileType = sourcecode.swift; path = Persistence.swift; sourceTree = "<group>"; };
		DB633C1A2B02FC8F004CEC27 /* Model.xcdatamodel */ = {isa = PBXFileReference; lastKnownFileType = wrapper.xcdatamodel; path = Model.xcdatamodel; sourceTree = "<group>"; };
		E60025082B06378D00C4DFDD /* Date+Extension.swift */ = {isa = PBXFileReference; lastKnownFileType = sourcecode.swift; path = "Date+Extension.swift"; sourceTree = "<group>"; };
		E6035B862B0CEF5600C34007 /* ReadingBookView.swift */ = {isa = PBXFileReference; lastKnownFileType = sourcecode.swift; path = ReadingBookView.swift; sourceTree = "<group>"; };
		E6035B892B0CF09200C34007 /* BookShelfView.swift */ = {isa = PBXFileReference; lastKnownFileType = sourcecode.swift; path = BookShelfView.swift; sourceTree = "<group>"; };
		E60DDA982B0A8D1400F25BB2 /* BookSearchView.swift */ = {isa = PBXFileReference; lastKnownFileType = sourcecode.swift; path = BookSearchView.swift; sourceTree = "<group>"; };
		E60DDA9A2B0A8F2400F25BB2 /* SearchBar.swift */ = {isa = PBXFileReference; lastKnownFileType = sourcecode.swift; path = SearchBar.swift; sourceTree = "<group>"; };
		E60DDA9E2B0AF95500F25BB2 /* BookProfileContainer.swift */ = {isa = PBXFileReference; lastKnownFileType = sourcecode.swift; path = BookProfileContainer.swift; sourceTree = "<group>"; };
		E618517E2B0B9D8B0067811C /* BookBriefInfoContainer.swift */ = {isa = PBXFileReference; lastKnownFileType = sourcecode.swift; path = BookBriefInfoContainer.swift; sourceTree = "<group>"; };
		E61851822B0B9EA80067811C /* APIKEY.swift */ = {isa = PBXFileReference; fileEncoding = 4; lastKnownFileType = sourcecode.swift; path = APIKEY.swift; sourceTree = "<group>"; };
		E61851842B0B9EFD0067811C /* BookInfoView.swift */ = {isa = PBXFileReference; lastKnownFileType = sourcecode.swift; path = BookInfoView.swift; sourceTree = "<group>"; };
		E6187EF32B03495700731321 /* ScannerView.swift */ = {isa = PBXFileReference; lastKnownFileType = sourcecode.swift; path = ScannerView.swift; sourceTree = "<group>"; };
		E6187EF52B03505300731321 /* TextRecognizer.swift */ = {isa = PBXFileReference; lastKnownFileType = sourcecode.swift; path = TextRecognizer.swift; sourceTree = "<group>"; };
		E622526A2AFB7AE600D33EC3 /* omyu pretty.ttf */ = {isa = PBXFileReference; lastKnownFileType = file; path = "omyu pretty.ttf"; sourceTree = "<group>"; };
		E622526C2AFB7B0400D33EC3 /* Info.plist */ = {isa = PBXFileReference; lastKnownFileType = text.plist; path = Info.plist; sourceTree = "<group>"; };
		E622526D2AFB7CB300D33EC3 /* Color+Extension.swift */ = {isa = PBXFileReference; lastKnownFileType = sourcecode.swift; path = "Color+Extension.swift"; sourceTree = "<group>"; };
		E622526F2AFB7E7000D33EC3 /* TextStyle+Extension.swift */ = {isa = PBXFileReference; lastKnownFileType = sourcecode.swift; path = "TextStyle+Extension.swift"; sourceTree = "<group>"; };
		E6C73D5A2B02F82E00A3C9C9 /* UINavigationController+Extension.swift */ = {isa = PBXFileReference; lastKnownFileType = sourcecode.swift; path = "UINavigationController+Extension.swift"; sourceTree = "<group>"; };
		E6E4BF522B01B70300FEEE10 /* AddNoteView.swift */ = {isa = PBXFileReference; lastKnownFileType = sourcecode.swift; path = AddNoteView.swift; sourceTree = "<group>"; };
		E6E4BF552B01BF4000FEEE10 /* Header.swift */ = {isa = PBXFileReference; lastKnownFileType = sourcecode.swift; path = Header.swift; sourceTree = "<group>"; };
		E6E4BF582B01C88500FEEE10 /* Note.swift */ = {isa = PBXFileReference; lastKnownFileType = sourcecode.swift; path = Note.swift; sourceTree = "<group>"; };
		E6E4BF5A2B01CE1100FEEE10 /* NoteLabel.swift */ = {isa = PBXFileReference; lastKnownFileType = sourcecode.swift; path = NoteLabel.swift; sourceTree = "<group>"; };
		E6E68ED72AF1DD7B00172557 /* ReadLog.app */ = {isa = PBXFileReference; explicitFileType = wrapper.application; includeInIndex = 0; path = ReadLog.app; sourceTree = BUILT_PRODUCTS_DIR; };
		E6E68EDA2AF1DD7B00172557 /* ReadLogApp.swift */ = {isa = PBXFileReference; lastKnownFileType = sourcecode.swift; path = ReadLogApp.swift; sourceTree = "<group>"; };
		E6E68EDC2AF1DD7B00172557 /* RootView.swift */ = {isa = PBXFileReference; lastKnownFileType = sourcecode.swift; path = RootView.swift; sourceTree = "<group>"; };
		E6E68EDE2AF1DD7C00172557 /* Assets.xcassets */ = {isa = PBXFileReference; lastKnownFileType = folder.assetcatalog; path = Assets.xcassets; sourceTree = "<group>"; };
		E6E68EE12AF1DD7C00172557 /* Preview Assets.xcassets */ = {isa = PBXFileReference; lastKnownFileType = folder.assetcatalog; path = "Preview Assets.xcassets"; sourceTree = "<group>"; };
		E6F5AD1D2B0FCAFC00A605D4 /* ISBNScannerView.swift */ = {isa = PBXFileReference; lastKnownFileType = sourcecode.swift; path = ISBNScannerView.swift; sourceTree = "<group>"; };
		E6F5AD242B112AEE00A605D4 /* BookInfoData_Temporal.swift */ = {isa = PBXFileReference; lastKnownFileType = sourcecode.swift; path = BookInfoData_Temporal.swift; sourceTree = "<group>"; };
		E6F5AD262B113B8D00A605D4 /* APIResponse.swift */ = {isa = PBXFileReference; lastKnownFileType = sourcecode.swift; path = APIResponse.swift; sourceTree = "<group>"; };
		E6F5AD292B134C0200A605D4 /* URLImage.swift */ = {isa = PBXFileReference; lastKnownFileType = sourcecode.swift; path = URLImage.swift; sourceTree = "<group>"; };
/* End PBXFileReference section */

/* Begin PBXFrameworksBuildPhase section */
		E6E68ED42AF1DD7B00172557 /* Frameworks */ = {
			isa = PBXFrameworksBuildPhase;
			buildActionMask = 2147483647;
			files = (
			);
			runOnlyForDeploymentPostprocessing = 0;
		};
/* End PBXFrameworksBuildPhase section */

/* Begin PBXGroup section */
		9DC96E9D2B0C57B500034878 /* BookDetail */ = {
			isa = PBXGroup;
			children = (
				9DC96E9E2B0C57F900034878 /* BookDetailFull.swift */,
				9DA357992B009A9D004EC3C1 /* displayBook.swift */,
				9DA3579B2B009AD0004EC3C1 /* viewBookMemo.swift */,
				9DEACAC52B0A33FE001796FE /* ReadingTracker.swift */,
			);
			path = BookDetail;
			sourceTree = "<group>";
		};
		E6035B852B0CEF4200C34007 /* ReadingBook */ = {
			isa = PBXGroup;
			children = (
				E6035B862B0CEF5600C34007 /* ReadingBookView.swift */,
			);
			path = ReadingBook;
			sourceTree = "<group>";
		};
		E6035B882B0CF07F00C34007 /* BookShelf */ = {
			isa = PBXGroup;
			children = (
				E6035B892B0CF09200C34007 /* BookShelfView.swift */,
			);
			path = BookShelf;
			sourceTree = "<group>";
		};
		E60DDA972B0A8CCF00F25BB2 /* SearchBook */ = {
			isa = PBXGroup;
			children = (
				E6F5AD1F2B10699D00A605D4 /* BookSearchAPI */,
				E6F5AD1C2B0FCA9200A605D4 /* BarcodeScanner */,
				E60DDA982B0A8D1400F25BB2 /* BookSearchView.swift */,
				E60DDA9A2B0A8F2400F25BB2 /* SearchBar.swift */,
				E60DDA9E2B0AF95500F25BB2 /* BookProfileContainer.swift */,
			);
			path = SearchBook;
			sourceTree = "<group>";
		};
		E618517D2B0B9CFC0067811C /* BookInfo */ = {
			isa = PBXGroup;
			children = (
				E618517E2B0B9D8B0067811C /* BookBriefInfoContainer.swift */,
				E61851842B0B9EFD0067811C /* BookInfoView.swift */,
			);
			path = BookInfo;
			sourceTree = "<group>";
		};
		E62252692AFB7ACF00D33EC3 /* Fonts */ = {
			isa = PBXGroup;
			children = (
				E622526A2AFB7AE600D33EC3 /* omyu pretty.ttf */,
			);
			path = Fonts;
			sourceTree = "<group>";
		};
		E6E4BF542B01BD9B00FEEE10 /* AddNote */ = {
			isa = PBXGroup;
			children = (
				E6E4BF522B01B70300FEEE10 /* AddNoteView.swift */,
				E6187EF32B03495700731321 /* ScannerView.swift */,
				E6187EF52B03505300731321 /* TextRecognizer.swift */,
			);
			path = AddNote;
			sourceTree = "<group>";
		};
		E6E4BF572B01C87700FEEE10 /* Model */ = {
			isa = PBXGroup;
			children = (
				E6E4BF582B01C88500FEEE10 /* Note.swift */,
			);
			path = Model;
			sourceTree = "<group>";
		};
		E6E68ECE2AF1DD7B00172557 = {
			isa = PBXGroup;
			children = (
				E6E68ED92AF1DD7B00172557 /* ReadLog */,
				E6E68ED82AF1DD7B00172557 /* Products */,
			);
			sourceTree = "<group>";
		};
		E6E68ED82AF1DD7B00172557 /* Products */ = {
			isa = PBXGroup;
			children = (
				E6E68ED72AF1DD7B00172557 /* ReadLog.app */,
			);
			name = Products;
			sourceTree = "<group>";
		};
		E6E68ED92AF1DD7B00172557 /* ReadLog */ = {
			isa = PBXGroup;
			children = (
				E622526C2AFB7B0400D33EC3 /* Info.plist */,
				E62252692AFB7ACF00D33EC3 /* Fonts */,
				E6E68EF02AF1DEDB00172557 /* Extension */,
				E6E68EEF2AF1DED200172557 /* Domain */,
				E6E68EEE2AF1DEC300172557 /* Data */,
				E6E68EED2AF1DEBC00172557 /* Constant */,
				E6E68EEC2AF1DE9900172557 /* System */,
				E6E68EE82AF1DDF400172557 /* Presenter */,
				E6E68EDE2AF1DD7C00172557 /* Assets.xcassets */,
				E6E68EE02AF1DD7C00172557 /* Preview Content */,
			);
			path = ReadLog;
			sourceTree = "<group>";
		};
		E6E68EE02AF1DD7C00172557 /* Preview Content */ = {
			isa = PBXGroup;
			children = (
				E6E68EE12AF1DD7C00172557 /* Preview Assets.xcassets */,
			);
			path = "Preview Content";
			sourceTree = "<group>";
		};
		E6E68EE82AF1DDF400172557 /* Presenter */ = {
			isa = PBXGroup;
			children = (
				E6F5AD282B134BEC00A605D4 /* URLImage */,
				E6035B882B0CF07F00C34007 /* BookShelf */,
				E6035B852B0CEF4200C34007 /* ReadingBook */,
				9DC96E9D2B0C57B500034878 /* BookDetail */,
				E618517D2B0B9CFC0067811C /* BookInfo */,
				E60DDA972B0A8CCF00F25BB2 /* SearchBook */,
				E6E4BF542B01BD9B00FEEE10 /* AddNote */,
				E6E68EEB2AF1DE1C00172557 /* System */,
				E6E68EE92AF1DDFE00172557 /* Component */,
			);
			path = Presenter;
			sourceTree = "<group>";
		};
		E6E68EE92AF1DDFE00172557 /* Component */ = {
			isa = PBXGroup;
			children = (
				E6E4BF552B01BF4000FEEE10 /* Header.swift */,
				E6E4BF5A2B01CE1100FEEE10 /* NoteLabel.swift */,
			);
			path = Component;
			sourceTree = "<group>";
		};
		E6E68EEB2AF1DE1C00172557 /* System */ = {
			isa = PBXGroup;
			children = (
				E6E68EDC2AF1DD7B00172557 /* RootView.swift */,
			);
			path = System;
			sourceTree = "<group>";
		};
		E6E68EEC2AF1DE9900172557 /* System */ = {
			isa = PBXGroup;
			children = (
				E6E68EDA2AF1DD7B00172557 /* ReadLogApp.swift */,
			);
			path = System;
			sourceTree = "<group>";
		};
		E6E68EED2AF1DEBC00172557 /* Constant */ = {
			isa = PBXGroup;
			children = (
				E61851822B0B9EA80067811C /* APIKEY.swift */,
			);
			path = Constant;
			sourceTree = "<group>";
		};
		E6E68EEE2AF1DEC300172557 /* Data */ = {
			isa = PBXGroup;
			children = (
				DB18172C2B062ED600A55F80 /* Persistence.swift */,
				DB633C192B02FC8F004CEC27 /* Model.xcdatamodeld */,
			);
			path = Data;
			sourceTree = "<group>";
		};
		E6E68EEF2AF1DED200172557 /* Domain */ = {
			isa = PBXGroup;
			children = (
				E6E4BF572B01C87700FEEE10 /* Model */,
			);
			path = Domain;
			sourceTree = "<group>";
		};
		E6E68EF02AF1DEDB00172557 /* Extension */ = {
			isa = PBXGroup;
			children = (
				E622526D2AFB7CB300D33EC3 /* Color+Extension.swift */,
				E622526F2AFB7E7000D33EC3 /* TextStyle+Extension.swift */,
				E6C73D5A2B02F82E00A3C9C9 /* UINavigationController+Extension.swift */,
				E60025082B06378D00C4DFDD /* Date+Extension.swift */,
			);
			path = Extension;
			sourceTree = "<group>";
		};
		E6F5AD1C2B0FCA9200A605D4 /* BarcodeScanner */ = {
			isa = PBXGroup;
			children = (
				E6F5AD1D2B0FCAFC00A605D4 /* ISBNScannerView.swift */,
			);
			path = BarcodeScanner;
			sourceTree = "<group>";
		};
		E6F5AD1F2B10699D00A605D4 /* BookSearchAPI */ = {
			isa = PBXGroup;
			children = (
				E6F5AD242B112AEE00A605D4 /* BookInfoData_Temporal.swift */,
				E6F5AD262B113B8D00A605D4 /* APIResponse.swift */,
			);
			path = BookSearchAPI;
			sourceTree = "<group>";
		};
		E6F5AD282B134BEC00A605D4 /* URLImage */ = {
			isa = PBXGroup;
			children = (
				E6F5AD292B134C0200A605D4 /* URLImage.swift */,
			);
			path = URLImage;
			sourceTree = "<group>";
		};
/* End PBXGroup section */

/* Begin PBXNativeTarget section */
		E6E68ED62AF1DD7B00172557 /* ReadLog */ = {
			isa = PBXNativeTarget;
			buildConfigurationList = E6E68EE52AF1DD7C00172557 /* Build configuration list for PBXNativeTarget "ReadLog" */;
			buildPhases = (
				E6E68ED32AF1DD7B00172557 /* Sources */,
				E6E68ED42AF1DD7B00172557 /* Frameworks */,
				E6E68ED52AF1DD7B00172557 /* Resources */,
			);
			buildRules = (
			);
			dependencies = (
			);
			name = ReadLog;
			packageProductDependencies = (
			);
			productName = ReadLog;
			productReference = E6E68ED72AF1DD7B00172557 /* ReadLog.app */;
			productType = "com.apple.product-type.application";
		};
/* End PBXNativeTarget section */

/* Begin PBXProject section */
		E6E68ECF2AF1DD7B00172557 /* Project object */ = {
			isa = PBXProject;
			attributes = {
				BuildIndependentTargetsInParallel = 1;
				LastSwiftUpdateCheck = 1430;
				LastUpgradeCheck = 1430;
				TargetAttributes = {
					E6E68ED62AF1DD7B00172557 = {
						CreatedOnToolsVersion = 14.3.1;
					};
				};
			};
			buildConfigurationList = E6E68ED22AF1DD7B00172557 /* Build configuration list for PBXProject "ReadLog" */;
			compatibilityVersion = "Xcode 14.0";
			developmentRegion = en;
			hasScannedForEncodings = 0;
			knownRegions = (
				en,
				Base,
			);
			mainGroup = E6E68ECE2AF1DD7B00172557;
			packageReferences = (
			);
			productRefGroup = E6E68ED82AF1DD7B00172557 /* Products */;
			projectDirPath = "";
			projectRoot = "";
			targets = (
				E6E68ED62AF1DD7B00172557 /* ReadLog */,
			);
		};
/* End PBXProject section */

/* Begin PBXResourcesBuildPhase section */
		E6E68ED52AF1DD7B00172557 /* Resources */ = {
			isa = PBXResourcesBuildPhase;
			buildActionMask = 2147483647;
			files = (
				E622526B2AFB7AE600D33EC3 /* omyu pretty.ttf in Resources */,
				E6E68EE22AF1DD7C00172557 /* Preview Assets.xcassets in Resources */,
				E6E68EDF2AF1DD7C00172557 /* Assets.xcassets in Resources */,
			);
			runOnlyForDeploymentPostprocessing = 0;
		};
/* End PBXResourcesBuildPhase section */

/* Begin PBXSourcesBuildPhase section */
		E6E68ED32AF1DD7B00172557 /* Sources */ = {
			isa = PBXSourcesBuildPhase;
			buildActionMask = 2147483647;
			files = (
				E60DDA9F2B0AF95500F25BB2 /* BookProfileContainer.swift in Sources */,
				E6F5AD1E2B0FCAFC00A605D4 /* ISBNScannerView.swift in Sources */,
				E60DDA992B0A8D1400F25BB2 /* BookSearchView.swift in Sources */,
				E60DDA9B2B0A8F2400F25BB2 /* SearchBar.swift in Sources */,
				E6E4BF5B2B01CE1100FEEE10 /* NoteLabel.swift in Sources */,
				E6E4BF592B01C88500FEEE10 /* Note.swift in Sources */,
				E6E68EDD2AF1DD7B00172557 /* RootView.swift in Sources */,
				E622526E2AFB7CB300D33EC3 /* Color+Extension.swift in Sources */,
				9DA3579A2B009A9D004EC3C1 /* displayBook.swift in Sources */,
				9DEACAC62B0A33FE001796FE /* ReadingTracker.swift in Sources */,
				9DA3579C2B009AD1004EC3C1 /* viewBookMemo.swift in Sources */,
				DB633C1B2B02FC8F004CEC27 /* Model.xcdatamodeld in Sources */,
				DB18172D2B062ED600A55F80 /* Persistence.swift in Sources */,
				E6F5AD2A2B134C0200A605D4 /* URLImage.swift in Sources */,
				E6F5AD252B112AEE00A605D4 /* BookInfoData_Temporal.swift in Sources */,
				E61851832B0B9EA80067811C /* APIKEY.swift in Sources */,
				E6187EF62B03505300731321 /* TextRecognizer.swift in Sources */,
				E60025092B06378D00C4DFDD /* Date+Extension.swift in Sources */,
				E618517F2B0B9D8B0067811C /* BookBriefInfoContainer.swift in Sources */,
				9DC96E9F2B0C57F900034878 /* BookDetailFull.swift in Sources */,
				E62252702AFB7E7000D33EC3 /* TextStyle+Extension.swift in Sources */,
				E6E68EDB2AF1DD7B00172557 /* ReadLogApp.swift in Sources */,
				E6035B872B0CEF5600C34007 /* ReadingBookView.swift in Sources */,
				E6F5AD272B113B8D00A605D4 /* APIResponse.swift in Sources */,
				E6E4BF562B01BF4000FEEE10 /* Header.swift in Sources */,
				E6E4BF532B01B70300FEEE10 /* AddNoteView.swift in Sources */,
				E6035B8A2B0CF09200C34007 /* BookShelfView.swift in Sources */,
				E61851852B0B9EFD0067811C /* BookInfoView.swift in Sources */,
				E6C73D5B2B02F82E00A3C9C9 /* UINavigationController+Extension.swift in Sources */,
				E6187EF42B03495700731321 /* ScannerView.swift in Sources */,
			);
			runOnlyForDeploymentPostprocessing = 0;
		};
/* End PBXSourcesBuildPhase section */

/* Begin XCBuildConfiguration section */
		E6E68EE32AF1DD7C00172557 /* Debug */ = {
			isa = XCBuildConfiguration;
			buildSettings = {
				ALWAYS_SEARCH_USER_PATHS = NO;
				CLANG_ANALYZER_NONNULL = YES;
				CLANG_ANALYZER_NUMBER_OBJECT_CONVERSION = YES_AGGRESSIVE;
				CLANG_CXX_LANGUAGE_STANDARD = "gnu++20";
				CLANG_ENABLE_MODULES = YES;
				CLANG_ENABLE_OBJC_ARC = YES;
				CLANG_ENABLE_OBJC_WEAK = YES;
				CLANG_WARN_BLOCK_CAPTURE_AUTORELEASING = YES;
				CLANG_WARN_BOOL_CONVERSION = YES;
				CLANG_WARN_COMMA = YES;
				CLANG_WARN_CONSTANT_CONVERSION = YES;
				CLANG_WARN_DEPRECATED_OBJC_IMPLEMENTATIONS = YES;
				CLANG_WARN_DIRECT_OBJC_ISA_USAGE = YES_ERROR;
				CLANG_WARN_DOCUMENTATION_COMMENTS = YES;
				CLANG_WARN_EMPTY_BODY = YES;
				CLANG_WARN_ENUM_CONVERSION = YES;
				CLANG_WARN_INFINITE_RECURSION = YES;
				CLANG_WARN_INT_CONVERSION = YES;
				CLANG_WARN_NON_LITERAL_NULL_CONVERSION = YES;
				CLANG_WARN_OBJC_IMPLICIT_RETAIN_SELF = YES;
				CLANG_WARN_OBJC_LITERAL_CONVERSION = YES;
				CLANG_WARN_OBJC_ROOT_CLASS = YES_ERROR;
				CLANG_WARN_QUOTED_INCLUDE_IN_FRAMEWORK_HEADER = YES;
				CLANG_WARN_RANGE_LOOP_ANALYSIS = YES;
				CLANG_WARN_STRICT_PROTOTYPES = YES;
				CLANG_WARN_SUSPICIOUS_MOVE = YES;
				CLANG_WARN_UNGUARDED_AVAILABILITY = YES_AGGRESSIVE;
				CLANG_WARN_UNREACHABLE_CODE = YES;
				CLANG_WARN__DUPLICATE_METHOD_MATCH = YES;
				COPY_PHASE_STRIP = NO;
				DEBUG_INFORMATION_FORMAT = dwarf;
				ENABLE_STRICT_OBJC_MSGSEND = YES;
				ENABLE_TESTABILITY = YES;
				GCC_C_LANGUAGE_STANDARD = gnu11;
				GCC_DYNAMIC_NO_PIC = NO;
				GCC_NO_COMMON_BLOCKS = YES;
				GCC_OPTIMIZATION_LEVEL = 0;
				GCC_PREPROCESSOR_DEFINITIONS = (
					"DEBUG=1",
					"$(inherited)",
				);
				GCC_WARN_64_TO_32_BIT_CONVERSION = YES;
				GCC_WARN_ABOUT_RETURN_TYPE = YES_ERROR;
				GCC_WARN_UNDECLARED_SELECTOR = YES;
				GCC_WARN_UNINITIALIZED_AUTOS = YES_AGGRESSIVE;
				GCC_WARN_UNUSED_FUNCTION = YES;
				GCC_WARN_UNUSED_VARIABLE = YES;
				IPHONEOS_DEPLOYMENT_TARGET = 16.0;
				MTL_ENABLE_DEBUG_INFO = INCLUDE_SOURCE;
				MTL_FAST_MATH = YES;
				ONLY_ACTIVE_ARCH = YES;
				SDKROOT = iphoneos;
				SWIFT_ACTIVE_COMPILATION_CONDITIONS = DEBUG;
				SWIFT_OPTIMIZATION_LEVEL = "-Onone";
			};
			name = Debug;
		};
		E6E68EE42AF1DD7C00172557 /* Release */ = {
			isa = XCBuildConfiguration;
			buildSettings = {
				ALWAYS_SEARCH_USER_PATHS = NO;
				CLANG_ANALYZER_NONNULL = YES;
				CLANG_ANALYZER_NUMBER_OBJECT_CONVERSION = YES_AGGRESSIVE;
				CLANG_CXX_LANGUAGE_STANDARD = "gnu++20";
				CLANG_ENABLE_MODULES = YES;
				CLANG_ENABLE_OBJC_ARC = YES;
				CLANG_ENABLE_OBJC_WEAK = YES;
				CLANG_WARN_BLOCK_CAPTURE_AUTORELEASING = YES;
				CLANG_WARN_BOOL_CONVERSION = YES;
				CLANG_WARN_COMMA = YES;
				CLANG_WARN_CONSTANT_CONVERSION = YES;
				CLANG_WARN_DEPRECATED_OBJC_IMPLEMENTATIONS = YES;
				CLANG_WARN_DIRECT_OBJC_ISA_USAGE = YES_ERROR;
				CLANG_WARN_DOCUMENTATION_COMMENTS = YES;
				CLANG_WARN_EMPTY_BODY = YES;
				CLANG_WARN_ENUM_CONVERSION = YES;
				CLANG_WARN_INFINITE_RECURSION = YES;
				CLANG_WARN_INT_CONVERSION = YES;
				CLANG_WARN_NON_LITERAL_NULL_CONVERSION = YES;
				CLANG_WARN_OBJC_IMPLICIT_RETAIN_SELF = YES;
				CLANG_WARN_OBJC_LITERAL_CONVERSION = YES;
				CLANG_WARN_OBJC_ROOT_CLASS = YES_ERROR;
				CLANG_WARN_QUOTED_INCLUDE_IN_FRAMEWORK_HEADER = YES;
				CLANG_WARN_RANGE_LOOP_ANALYSIS = YES;
				CLANG_WARN_STRICT_PROTOTYPES = YES;
				CLANG_WARN_SUSPICIOUS_MOVE = YES;
				CLANG_WARN_UNGUARDED_AVAILABILITY = YES_AGGRESSIVE;
				CLANG_WARN_UNREACHABLE_CODE = YES;
				CLANG_WARN__DUPLICATE_METHOD_MATCH = YES;
				COPY_PHASE_STRIP = NO;
				DEBUG_INFORMATION_FORMAT = "dwarf-with-dsym";
				ENABLE_NS_ASSERTIONS = NO;
				ENABLE_STRICT_OBJC_MSGSEND = YES;
				GCC_C_LANGUAGE_STANDARD = gnu11;
				GCC_NO_COMMON_BLOCKS = YES;
				GCC_WARN_64_TO_32_BIT_CONVERSION = YES;
				GCC_WARN_ABOUT_RETURN_TYPE = YES_ERROR;
				GCC_WARN_UNDECLARED_SELECTOR = YES;
				GCC_WARN_UNINITIALIZED_AUTOS = YES_AGGRESSIVE;
				GCC_WARN_UNUSED_FUNCTION = YES;
				GCC_WARN_UNUSED_VARIABLE = YES;
				IPHONEOS_DEPLOYMENT_TARGET = 16.0;
				MTL_ENABLE_DEBUG_INFO = NO;
				MTL_FAST_MATH = YES;
				SDKROOT = iphoneos;
				SWIFT_COMPILATION_MODE = wholemodule;
				SWIFT_OPTIMIZATION_LEVEL = "-O";
				VALIDATE_PRODUCT = YES;
			};
			name = Release;
		};
		E6E68EE62AF1DD7C00172557 /* Debug */ = {
			isa = XCBuildConfiguration;
			buildSettings = {
				ASSETCATALOG_COMPILER_APPICON_NAME = AppIcon;
				ASSETCATALOG_COMPILER_GLOBAL_ACCENT_COLOR_NAME = AccentColor;
				CODE_SIGN_IDENTITY = "Apple Development";
				"CODE_SIGN_IDENTITY[sdk=iphoneos*]" = "iPhone Developer";
				CODE_SIGN_STYLE = Manual;
				CURRENT_PROJECT_VERSION = 1;
				DEVELOPMENT_ASSET_PATHS = "\"ReadLog/Preview Content\"";
				DEVELOPMENT_TEAM = "";
				"DEVELOPMENT_TEAM[sdk=iphoneos*]" = 953VJTV7TA;
				ENABLE_PREVIEWS = YES;
				GENERATE_INFOPLIST_FILE = YES;
				INFOPLIST_FILE = ReadLog/Info.plist;
				INFOPLIST_KEY_UIApplicationSceneManifest_Generation = YES;
				INFOPLIST_KEY_UIApplicationSupportsIndirectInputEvents = YES;
				INFOPLIST_KEY_UILaunchScreen_Generation = YES;
				INFOPLIST_KEY_UISupportedInterfaceOrientations_iPad = "UIInterfaceOrientationPortrait UIInterfaceOrientationPortraitUpsideDown UIInterfaceOrientationLandscapeLeft UIInterfaceOrientationLandscapeRight";
				INFOPLIST_KEY_UISupportedInterfaceOrientations_iPhone = "UIInterfaceOrientationPortrait UIInterfaceOrientationLandscapeLeft UIInterfaceOrientationLandscapeRight";
				IPHONEOS_DEPLOYMENT_TARGET = 16.0;
				LD_RUNPATH_SEARCH_PATHS = (
					"$(inherited)",
					"@executable_path/Frameworks",
				);
				MARKETING_VERSION = 1.0;
				PRODUCT_BUNDLE_IDENTIFIER = travelerSH.ReadLog;
				PRODUCT_NAME = "$(TARGET_NAME)";
				PROVISIONING_PROFILE_SPECIFIER = "";
				"PROVISIONING_PROFILE_SPECIFIER[sdk=iphoneos*]" = ReadLog;
				SWIFT_EMIT_LOC_STRINGS = YES;
				SWIFT_VERSION = 5.0;
				TARGETED_DEVICE_FAMILY = "1,2";
			};
			name = Debug;
		};
		E6E68EE72AF1DD7C00172557 /* Release */ = {
			isa = XCBuildConfiguration;
			buildSettings = {
				ASSETCATALOG_COMPILER_APPICON_NAME = AppIcon;
				ASSETCATALOG_COMPILER_GLOBAL_ACCENT_COLOR_NAME = AccentColor;
				CODE_SIGN_IDENTITY = "Apple Development";
				"CODE_SIGN_IDENTITY[sdk=iphoneos*]" = "iPhone Developer";
				CODE_SIGN_STYLE = Manual;
				CURRENT_PROJECT_VERSION = 1;
				DEVELOPMENT_ASSET_PATHS = "\"ReadLog/Preview Content\"";
				DEVELOPMENT_TEAM = "";
				"DEVELOPMENT_TEAM[sdk=iphoneos*]" = 953VJTV7TA;
				ENABLE_PREVIEWS = YES;
				GENERATE_INFOPLIST_FILE = YES;
				INFOPLIST_FILE = ReadLog/Info.plist;
				INFOPLIST_KEY_UIApplicationSceneManifest_Generation = YES;
				INFOPLIST_KEY_UIApplicationSupportsIndirectInputEvents = YES;
				INFOPLIST_KEY_UILaunchScreen_Generation = YES;
				INFOPLIST_KEY_UISupportedInterfaceOrientations_iPad = "UIInterfaceOrientationPortrait UIInterfaceOrientationPortraitUpsideDown UIInterfaceOrientationLandscapeLeft UIInterfaceOrientationLandscapeRight";
				INFOPLIST_KEY_UISupportedInterfaceOrientations_iPhone = "UIInterfaceOrientationPortrait UIInterfaceOrientationLandscapeLeft UIInterfaceOrientationLandscapeRight";
				IPHONEOS_DEPLOYMENT_TARGET = 16.0;
				LD_RUNPATH_SEARCH_PATHS = (
					"$(inherited)",
					"@executable_path/Frameworks",
				);
				MARKETING_VERSION = 1.0;
				PRODUCT_BUNDLE_IDENTIFIER = travelerSH.ReadLog;
				PRODUCT_NAME = "$(TARGET_NAME)";
				PROVISIONING_PROFILE_SPECIFIER = "";
				"PROVISIONING_PROFILE_SPECIFIER[sdk=iphoneos*]" = ReadLog;
				SWIFT_EMIT_LOC_STRINGS = YES;
				SWIFT_VERSION = 5.0;
				TARGETED_DEVICE_FAMILY = "1,2";
			};
			name = Release;
		};
/* End XCBuildConfiguration section */

/* Begin XCConfigurationList section */
		E6E68ED22AF1DD7B00172557 /* Build configuration list for PBXProject "ReadLog" */ = {
			isa = XCConfigurationList;
			buildConfigurations = (
				E6E68EE32AF1DD7C00172557 /* Debug */,
				E6E68EE42AF1DD7C00172557 /* Release */,
			);
			defaultConfigurationIsVisible = 0;
			defaultConfigurationName = Release;
		};
		E6E68EE52AF1DD7C00172557 /* Build configuration list for PBXNativeTarget "ReadLog" */ = {
			isa = XCConfigurationList;
			buildConfigurations = (
				E6E68EE62AF1DD7C00172557 /* Debug */,
				E6E68EE72AF1DD7C00172557 /* Release */,
			);
			defaultConfigurationIsVisible = 0;
			defaultConfigurationName = Release;
		};
/* End XCConfigurationList section */

/* Begin XCVersionGroup section */
		DB633C192B02FC8F004CEC27 /* Model.xcdatamodeld */ = {
			isa = XCVersionGroup;
			children = (
				DB633C1A2B02FC8F004CEC27 /* Model.xcdatamodel */,
			);
			currentVersion = DB633C1A2B02FC8F004CEC27 /* Model.xcdatamodel */;
			path = Model.xcdatamodeld;
			sourceTree = "<group>";
			versionGroupType = wrapper.xcdatamodel;
		};
/* End XCVersionGroup section */
	};
	rootObject = E6E68ECF2AF1DD7B00172557 /* Project object */;
}
